// !$*UTF8*$!
{
	archiveVersion = 1;
	classes = {
	};
	objectVersion = 46;
	objects = {

/* Begin PBXBuildFile section */
		0444BF661C16DE8C0021BED8 /* ZFPromoptView.swift in Sources */ = {isa = PBXBuildFile; fileRef = 0444BF651C16DE8C0021BED8 /* ZFPromoptView.swift */; };
		044D3F3E1BFF2B9500A3076E /* ZFCultureModel.swift in Sources */ = {isa = PBXBuildFile; fileRef = 044D3F3D1BFF2B9500A3076E /* ZFCultureModel.swift */; };
		044D3F421BFF2D7D00A3076E /* ZFCultureHttp.swift in Sources */ = {isa = PBXBuildFile; fileRef = 044D3F411BFF2D7D00A3076E /* ZFCultureHttp.swift */; };
		0455A8F11BC7DA5C00347C39 /* Main.storyboard in Resources */ = {isa = PBXBuildFile; fileRef = 0455A8EF1BC7DA5C00347C39 /* Main.storyboard */; };
		0455A8F31BC7DA5C00347C39 /* Images.xcassets in Resources */ = {isa = PBXBuildFile; fileRef = 0455A8F21BC7DA5C00347C39 /* Images.xcassets */; };
		0455A8F61BC7DA5C00347C39 /* LaunchScreen.xib in Resources */ = {isa = PBXBuildFile; fileRef = 0455A8F41BC7DA5C00347C39 /* LaunchScreen.xib */; };
		0455A9021BC7DA5C00347C39 /* ShopAppTests.swift in Sources */ = {isa = PBXBuildFile; fileRef = 0455A9011BC7DA5C00347C39 /* ShopAppTests.swift */; };
		0457FF011C095402001C5C94 /* ZFAboutView.swift in Sources */ = {isa = PBXBuildFile; fileRef = 0457FF001C095402001C5C94 /* ZFAboutView.swift */; };
		0459095A1BF9AB1400B6DAC2 /* MJRefresh.bundle in Resources */ = {isa = PBXBuildFile; fileRef = 0459094A1BF9AB1400B6DAC2 /* MJRefresh.bundle */; };
		0459095B1BF9AB1400B6DAC2 /* MJRefreshBaseView.m in Sources */ = {isa = PBXBuildFile; fileRef = 0459094D1BF9AB1400B6DAC2 /* MJRefreshBaseView.m */; };
		0459095C1BF9AB1400B6DAC2 /* MJRefreshConst.m in Sources */ = {isa = PBXBuildFile; fileRef = 0459094F1BF9AB1400B6DAC2 /* MJRefreshConst.m */; };
		0459095D1BF9AB1400B6DAC2 /* MJRefreshFooterView.m in Sources */ = {isa = PBXBuildFile; fileRef = 045909511BF9AB1400B6DAC2 /* MJRefreshFooterView.m */; };
		0459095E1BF9AB1400B6DAC2 /* MJRefreshHeaderView.m in Sources */ = {isa = PBXBuildFile; fileRef = 045909531BF9AB1400B6DAC2 /* MJRefreshHeaderView.m */; };
		0459095F1BF9AB1400B6DAC2 /* UIScrollView+MJExtension.m in Sources */ = {isa = PBXBuildFile; fileRef = 045909551BF9AB1400B6DAC2 /* UIScrollView+MJExtension.m */; };
		045909601BF9AB1400B6DAC2 /* UIScrollView+MJRefresh.m in Sources */ = {isa = PBXBuildFile; fileRef = 045909571BF9AB1400B6DAC2 /* UIScrollView+MJRefresh.m */; };
		045909611BF9AB1400B6DAC2 /* UIView+MJExtension.m in Sources */ = {isa = PBXBuildFile; fileRef = 045909591BF9AB1400B6DAC2 /* UIView+MJExtension.m */; };
		045909641BF9AD9100B6DAC2 /* Foundation.framework in Frameworks */ = {isa = PBXBuildFile; fileRef = 045909631BF9AD9100B6DAC2 /* Foundation.framework */; };
		045909661BF9ADA700B6DAC2 /* CoreGraphics.framework in Frameworks */ = {isa = PBXBuildFile; fileRef = 045909651BF9ADA700B6DAC2 /* CoreGraphics.framework */; };
		045909681BF9ADC500B6DAC2 /* UIKit.framework in Frameworks */ = {isa = PBXBuildFile; fileRef = 045909671BF9ADC500B6DAC2 /* UIKit.framework */; };
		0459096A1BF9BA1300B6DAC2 /* ZFNavTitleView.swift in Sources */ = {isa = PBXBuildFile; fileRef = 045909691BF9BA1300B6DAC2 /* ZFNavTitleView.swift */; };
		0459D4091BF762C200D41FE6 /* ZFSetupContentView.swift in Sources */ = {isa = PBXBuildFile; fileRef = 0459D4081BF762C200D41FE6 /* ZFSetupContentView.swift */; };
		0459D40B1BF7652700D41FE6 /* ZFSetupContentModel.swift in Sources */ = {isa = PBXBuildFile; fileRef = 0459D40A1BF7652700D41FE6 /* ZFSetupContentModel.swift */; };
		0459D40D1BF765F600D41FE6 /* setupContent.plist in Resources */ = {isa = PBXBuildFile; fileRef = 0459D40C1BF765F600D41FE6 /* setupContent.plist */; };
		0459D40F1BF768EA00D41FE6 /* ZFSetupContentCell.swift in Sources */ = {isa = PBXBuildFile; fileRef = 0459D40E1BF768EA00D41FE6 /* ZFSetupContentCell.swift */; };
		0459D4111BF7724B00D41FE6 /* ZFInformationView.swift in Sources */ = {isa = PBXBuildFile; fileRef = 0459D4101BF7724B00D41FE6 /* ZFInformationView.swift */; };
		045AAB391C16AE64009CB302 /* NSDate_Extension.swift in Sources */ = {isa = PBXBuildFile; fileRef = 045AAB381C16AE64009CB302 /* NSDate_Extension.swift */; };
		045AAB3C1C16C926009CB302 /* ZFTimeTool.swift in Sources */ = {isa = PBXBuildFile; fileRef = 045AAB3B1C16C926009CB302 /* ZFTimeTool.swift */; };
		045ADAD01C01C84900A9E093 /* newFeature.plist in Resources */ = {isa = PBXBuildFile; fileRef = 045ADACF1C01C84900A9E093 /* newFeature.plist */; };
		045ADAD21C01CC8B00A9E093 /* ZFNewFeatureViewController.swift in Sources */ = {isa = PBXBuildFile; fileRef = 045ADAD11C01CC8B00A9E093 /* ZFNewFeatureViewController.swift */; };
		045ADAD41C01CC9B00A9E093 /* ZFNewFeatureView.swift in Sources */ = {isa = PBXBuildFile; fileRef = 045ADAD31C01CC9B00A9E093 /* ZFNewFeatureView.swift */; };
		045C76041BF2D958007A2560 /* ZFShowMenuContentView.swift in Sources */ = {isa = PBXBuildFile; fileRef = 045C76031BF2D958007A2560 /* ZFShowMenuContentView.swift */; };
		045DD8B01BF2CB6300CCEED7 /* ZFInformationViewController.swift in Sources */ = {isa = PBXBuildFile; fileRef = 045DD8401BF2CB6300CCEED7 /* ZFInformationViewController.swift */; };
		045DD8B11BF2CB6300CCEED7 /* ZFEmpModel.swift in Sources */ = {isa = PBXBuildFile; fileRef = 045DD8421BF2CB6300CCEED7 /* ZFEmpModel.swift */; };
		045DD8B21BF2CB6300CCEED7 /* ZFEmpheaderView.swift in Sources */ = {isa = PBXBuildFile; fileRef = 045DD8441BF2CB6300CCEED7 /* ZFEmpheaderView.swift */; };
		045DD8B31BF2CB6300CCEED7 /* ZFEmpViewCell.swift in Sources */ = {isa = PBXBuildFile; fileRef = 045DD8451BF2CB6300CCEED7 /* ZFEmpViewCell.swift */; };
		045DD8B41BF2CB6300CCEED7 /* ZFStatView.swift in Sources */ = {isa = PBXBuildFile; fileRef = 045DD8461BF2CB6300CCEED7 /* ZFStatView.swift */; };
		045DD8B51BF2CB6300CCEED7 /* ZFHomeViewController.swift in Sources */ = {isa = PBXBuildFile; fileRef = 045DD8491BF2CB6300CCEED7 /* ZFHomeViewController.swift */; };
		045DD8B71BF2CB6300CCEED7 /* ZFMenuContentModel.swift in Sources */ = {isa = PBXBuildFile; fileRef = 045DD84C1BF2CB6300CCEED7 /* ZFMenuContentModel.swift */; };
		045DD8B81BF2CB6300CCEED7 /* ZFMenuTitleModel.swift in Sources */ = {isa = PBXBuildFile; fileRef = 045DD84D1BF2CB6300CCEED7 /* ZFMenuTitleModel.swift */; };
		045DD8B91BF2CB6300CCEED7 /* ZFHomeHeaderView.swift in Sources */ = {isa = PBXBuildFile; fileRef = 045DD84F1BF2CB6300CCEED7 /* ZFHomeHeaderView.swift */; };
		045DD8BA1BF2CB6300CCEED7 /* ZFMenuContentTableViewCell.swift in Sources */ = {isa = PBXBuildFile; fileRef = 045DD8501BF2CB6300CCEED7 /* ZFMenuContentTableViewCell.swift */; };
		045DD8BB1BF2CB6300CCEED7 /* ZFSectionHeaderView.swift in Sources */ = {isa = PBXBuildFile; fileRef = 045DD8511BF2CB6300CCEED7 /* ZFSectionHeaderView.swift */; };
		045DD8BC1BF2CB6300CCEED7 /* constant.swift in Sources */ = {isa = PBXBuildFile; fileRef = 045DD8541BF2CB6300CCEED7 /* constant.swift */; };
		045DD8BD1BF2CB6300CCEED7 /* ZFLoginViewController.swift in Sources */ = {isa = PBXBuildFile; fileRef = 045DD8561BF2CB6300CCEED7 /* ZFLoginViewController.swift */; };
		045DD8BE1BF2CB6300CCEED7 /* ZFNavigationViewController.swift in Sources */ = {isa = PBXBuildFile; fileRef = 045DD8571BF2CB6300CCEED7 /* ZFNavigationViewController.swift */; };
		045DD8BF1BF2CB6300CCEED7 /* ZFRefreshControl.swift in Sources */ = {isa = PBXBuildFile; fileRef = 045DD8581BF2CB6300CCEED7 /* ZFRefreshControl.swift */; };
		045DD8C01BF2CB6300CCEED7 /* ZFTabBarViewController.swift in Sources */ = {isa = PBXBuildFile; fileRef = 045DD8591BF2CB6300CCEED7 /* ZFTabBarViewController.swift */; };
		045DD8C11BF2CB6300CCEED7 /* ZFSaveEmpModel.swift in Sources */ = {isa = PBXBuildFile; fileRef = 045DD85B1BF2CB6300CCEED7 /* ZFSaveEmpModel.swift */; };
		045DD8C21BF2CB6300CCEED7 /* ZFHeaPortraitView.swift in Sources */ = {isa = PBXBuildFile; fileRef = 045DD85D1BF2CB6300CCEED7 /* ZFHeaPortraitView.swift */; };
		045DD8C31BF2CB6300CCEED7 /* b27_icon_star_gray@2x.png in Resources */ = {isa = PBXBuildFile; fileRef = 045DD85F1BF2CB6300CCEED7 /* b27_icon_star_gray@2x.png */; };
		045DD8C41BF2CB6300CCEED7 /* b27_icon_star_yellow@2x.png in Resources */ = {isa = PBXBuildFile; fileRef = 045DD8601BF2CB6300CCEED7 /* b27_icon_star_yellow@2x.png */; };
		045DD8C51BF2CB6300CCEED7 /* ZFRatingStarView.swift in Sources */ = {isa = PBXBuildFile; fileRef = 045DD8611BF2CB6300CCEED7 /* ZFRatingStarView.swift */; };
		045DD8C61BF2CB6300CCEED7 /* ZFOrderViewController.swift in Sources */ = {isa = PBXBuildFile; fileRef = 045DD8641BF2CB6300CCEED7 /* ZFOrderViewController.swift */; };
		045DD8C71BF2CB6300CCEED7 /* ZFShowEvenAnyOrderController.swift in Sources */ = {isa = PBXBuildFile; fileRef = 045DD8651BF2CB6300CCEED7 /* ZFShowEvenAnyOrderController.swift */; };
		045DD8C81BF2CB6300CCEED7 /* ZFOrdersModel.swift in Sources */ = {isa = PBXBuildFile; fileRef = 045DD8671BF2CB6300CCEED7 /* ZFOrdersModel.swift */; };
		045DD8C91BF2CB6300CCEED7 /* ZFOrderContentCell.swift in Sources */ = {isa = PBXBuildFile; fileRef = 045DD8691BF2CB6300CCEED7 /* ZFOrderContentCell.swift */; };
		045DD8CA1BF2CB6300CCEED7 /* ZFOrderTableViewCell.swift in Sources */ = {isa = PBXBuildFile; fileRef = 045DD86A1BF2CB6300CCEED7 /* ZFOrderTableViewCell.swift */; };
		045DD8CB1BF2CB6300CCEED7 /* ZFShowEvenOrderSectionHearderView.swift in Sources */ = {isa = PBXBuildFile; fileRef = 045DD86B1BF2CB6300CCEED7 /* ZFShowEvenOrderSectionHearderView.swift */; };
		045DD8CC1BF2CB6300CCEED7 /* AppDelegate.swift in Sources */ = {isa = PBXBuildFile; fileRef = 045DD86D1BF2CB6300CCEED7 /* AppDelegate.swift */; };
		045DD8CD1BF2CB6300CCEED7 /* CGPoint_Extension.swift in Sources */ = {isa = PBXBuildFile; fileRef = 045DD8701BF2CB6300CCEED7 /* CGPoint_Extension.swift */; };
		045DD8CE1BF2CB6300CCEED7 /* NSString-Extension.swift in Sources */ = {isa = PBXBuildFile; fileRef = 045DD8711BF2CB6300CCEED7 /* NSString-Extension.swift */; };
		045DD8CF1BF2CB6300CCEED7 /* UIImage-Extension.swift in Sources */ = {isa = PBXBuildFile; fileRef = 045DD8721BF2CB6300CCEED7 /* UIImage-Extension.swift */; };
		045DD8D01BF2CB6300CCEED7 /* UILabel_Extension.swift in Sources */ = {isa = PBXBuildFile; fileRef = 045DD8731BF2CB6300CCEED7 /* UILabel_Extension.swift */; };
		045DD8D11BF2CB6300CCEED7 /* UIView_Extension.swift in Sources */ = {isa = PBXBuildFile; fileRef = 045DD8741BF2CB6300CCEED7 /* UIView_Extension.swift */; };
		045DD8D21BF2CB6300CCEED7 /* UIViewcontroller_Extension.swift in Sources */ = {isa = PBXBuildFile; fileRef = 045DD8751BF2CB6300CCEED7 /* UIViewcontroller_Extension.swift */; };
		045DD8D31BF2CB6300CCEED7 /* ZFFMDatabaseQueue.swift in Sources */ = {isa = PBXBuildFile; fileRef = 045DD8771BF2CB6300CCEED7 /* ZFFMDatabaseQueue.swift */; };
		045DD8D41BF2CB6300CCEED7 /* FMDatabase.m in Sources */ = {isa = PBXBuildFile; fileRef = 045DD87A1BF2CB6300CCEED7 /* FMDatabase.m */; };
		045DD8D51BF2CB6300CCEED7 /* FMDatabaseAdditions.m in Sources */ = {isa = PBXBuildFile; fileRef = 045DD87C1BF2CB6300CCEED7 /* FMDatabaseAdditions.m */; };
		045DD8D61BF2CB6300CCEED7 /* FMDatabasePool.m in Sources */ = {isa = PBXBuildFile; fileRef = 045DD87E1BF2CB6300CCEED7 /* FMDatabasePool.m */; };
		045DD8D71BF2CB6300CCEED7 /* FMDatabaseQueue.m in Sources */ = {isa = PBXBuildFile; fileRef = 045DD8801BF2CB6300CCEED7 /* FMDatabaseQueue.m */; };
		045DD8D81BF2CB6300CCEED7 /* FMResultSet.m in Sources */ = {isa = PBXBuildFile; fileRef = 045DD8831BF2CB6300CCEED7 /* FMResultSet.m */; };
		045DD8D91BF2CB6300CCEED7 /* ZFMenuContentDBTool.swift in Sources */ = {isa = PBXBuildFile; fileRef = 045DD8881BF2CB6300CCEED7 /* ZFMenuContentDBTool.swift */; };
		045DD8DA1BF2CB6300CCEED7 /* ZFMenuTitleDBTool.swift in Sources */ = {isa = PBXBuildFile; fileRef = 045DD8891BF2CB6300CCEED7 /* ZFMenuTitleDBTool.swift */; };
		045DD8DB1BF2CB6300CCEED7 /* ZFSeatDBTool.swift in Sources */ = {isa = PBXBuildFile; fileRef = 045DD88A1BF2CB6300CCEED7 /* ZFSeatDBTool.swift */; };
		045DD8DC1BF2CB6300CCEED7 /* ZFEmpTool.swift in Sources */ = {isa = PBXBuildFile; fileRef = 045DD88C1BF2CB6300CCEED7 /* ZFEmpTool.swift */; };
		045DD8DD1BF2CB6300CCEED7 /* ZFAsynHttp.swift in Sources */ = {isa = PBXBuildFile; fileRef = 045DD88E1BF2CB6300CCEED7 /* ZFAsynHttp.swift */; };
		045DD8DE1BF2CB6300CCEED7 /* ZFEmpHttp.swift in Sources */ = {isa = PBXBuildFile; fileRef = 045DD88F1BF2CB6300CCEED7 /* ZFEmpHttp.swift */; };
		045DD8DF1BF2CB6300CCEED7 /* ZFGetMenuHttp.swift in Sources */ = {isa = PBXBuildFile; fileRef = 045DD8901BF2CB6300CCEED7 /* ZFGetMenuHttp.swift */; };
		045DD8E01BF2CB6300CCEED7 /* ZFOrderHttp.swift in Sources */ = {isa = PBXBuildFile; fileRef = 045DD8911BF2CB6300CCEED7 /* ZFOrderHttp.swift */; };
		045DD8E11BF2CB6300CCEED7 /* ZFSeatHttp.swift in Sources */ = {isa = PBXBuildFile; fileRef = 045DD8921BF2CB6300CCEED7 /* ZFSeatHttp.swift */; };
		045DD8E21BF2CB6300CCEED7 /* ZFMenuSqlite.swift in Sources */ = {isa = PBXBuildFile; fileRef = 045DD8941BF2CB6300CCEED7 /* ZFMenuSqlite.swift */; };
		045DD8E31BF2CB6300CCEED7 /* ZFOrderSqlite.swift in Sources */ = {isa = PBXBuildFile; fileRef = 045DD8951BF2CB6300CCEED7 /* ZFOrderSqlite.swift */; };
		045DD8E41BF2CB6300CCEED7 /* ZFRatingStarViewController.swift in Sources */ = {isa = PBXBuildFile; fileRef = 045DD8991BF2CB6300CCEED7 /* ZFRatingStarViewController.swift */; };
		045DD8E51BF2CB6300CCEED7 /* ZFSeatCollectionViewController.swift in Sources */ = {isa = PBXBuildFile; fileRef = 045DD89A1BF2CB6300CCEED7 /* ZFSeatCollectionViewController.swift */; };
		045DD8E61BF2CB6300CCEED7 /* ZFSinglePointViewController.swift in Sources */ = {isa = PBXBuildFile; fileRef = 045DD89B1BF2CB6300CCEED7 /* ZFSinglePointViewController.swift */; };
		045DD8E71BF2CB6300CCEED7 /* ZFEmpRankImageModel.swift in Sources */ = {isa = PBXBuildFile; fileRef = 045DD89D1BF2CB6300CCEED7 /* ZFEmpRankImageModel.swift */; };
		045DD8E81BF2CB6300CCEED7 /* ZFOrderContentModel.swift in Sources */ = {isa = PBXBuildFile; fileRef = 045DD89E1BF2CB6300CCEED7 /* ZFOrderContentModel.swift */; };
		045DD8E91BF2CB6300CCEED7 /* ZFSeatModel.swift in Sources */ = {isa = PBXBuildFile; fileRef = 045DD89F1BF2CB6300CCEED7 /* ZFSeatModel.swift */; };
		045DD8EA1BF2CB6300CCEED7 /* ZFRatingStarAlertView.swift in Sources */ = {isa = PBXBuildFile; fileRef = 045DD8A21BF2CB6300CCEED7 /* ZFRatingStarAlertView.swift */; };
		045DD8EB1BF2CB6300CCEED7 /* ZFShopCarFooterView.swift in Sources */ = {isa = PBXBuildFile; fileRef = 045DD8A41BF2CB6300CCEED7 /* ZFShopCarFooterView.swift */; };
		045DD8EC1BF2CB6300CCEED7 /* ZFShopCarHeaderView.swift in Sources */ = {isa = PBXBuildFile; fileRef = 045DD8A51BF2CB6300CCEED7 /* ZFShopCarHeaderView.swift */; };
		045DD8ED1BF2CB6300CCEED7 /* ZFShoppingCartBtn.swift in Sources */ = {isa = PBXBuildFile; fileRef = 045DD8A61BF2CB6300CCEED7 /* ZFShoppingCartBtn.swift */; };
		045DD8EE1BF2CB6300CCEED7 /* ZFShoppingCartShowMenuContentCell.swift in Sources */ = {isa = PBXBuildFile; fileRef = 045DD8A71BF2CB6300CCEED7 /* ZFShoppingCartShowMenuContentCell.swift */; };
		045DD8EF1BF2CB6300CCEED7 /* ZFShoppingCartShowMenuContentView.swift in Sources */ = {isa = PBXBuildFile; fileRef = 045DD8A81BF2CB6300CCEED7 /* ZFShoppingCartShowMenuContentView.swift */; };
		045DD8F01BF2CB6300CCEED7 /* ZFShoppingCarView.swift in Sources */ = {isa = PBXBuildFile; fileRef = 045DD8A91BF2CB6300CCEED7 /* ZFShoppingCarView.swift */; };
		045DD8F11BF2CB6300CCEED7 /* ZFMenuContentCell.swift in Sources */ = {isa = PBXBuildFile; fileRef = 045DD8AB1BF2CB6300CCEED7 /* ZFMenuContentCell.swift */; };
		045DD8F21BF2CB6300CCEED7 /* ZFMenuContentView.swift in Sources */ = {isa = PBXBuildFile; fileRef = 045DD8AC1BF2CB6300CCEED7 /* ZFMenuContentView.swift */; };
		045DD8F31BF2CB6300CCEED7 /* ZFMenuTitlelCell.swift in Sources */ = {isa = PBXBuildFile; fileRef = 045DD8AD1BF2CB6300CCEED7 /* ZFMenuTitlelCell.swift */; };
		045DD8F41BF2CB6300CCEED7 /* ZFMenuTitlelView.swift in Sources */ = {isa = PBXBuildFile; fileRef = 045DD8AE1BF2CB6300CCEED7 /* ZFMenuTitlelView.swift */; };
		045DD8F51BF2CB6300CCEED7 /* ZFSeatCollectionViewCell.swift in Sources */ = {isa = PBXBuildFile; fileRef = 045DD8AF1BF2CB6300CCEED7 /* ZFSeatCollectionViewCell.swift */; };
		045FD7A61BF8B97900E69411 /* ZFInformationSectionHeaderView.swift in Sources */ = {isa = PBXBuildFile; fileRef = 045FD7A51BF8B97900E69411 /* ZFInformationSectionHeaderView.swift */; };
		046073491BFC7E0200EEB0B2 /* ZFSearchBarView.swift in Sources */ = {isa = PBXBuildFile; fileRef = 046073481BFC7E0200EEB0B2 /* ZFSearchBarView.swift */; };
		0460734B1BFC85A400EEB0B2 /* ZFShowSearchResultView.swift in Sources */ = {isa = PBXBuildFile; fileRef = 0460734A1BFC85A400EEB0B2 /* ZFShowSearchResultView.swift */; };
		0461E7961C002CE10071CA1C /* ZFCDoubleBounceActivityIndicatorView.m in Sources */ = {isa = PBXBuildFile; fileRef = 0461E78F1C002CE10071CA1C /* ZFCDoubleBounceActivityIndicatorView.m */; };
		0461E7971C002CE10071CA1C /* ZFCRotatingPlaneActivityIndicatorView.m in Sources */ = {isa = PBXBuildFile; fileRef = 0461E7911C002CE10071CA1C /* ZFCRotatingPlaneActivityIndicatorView.m */; };
		0461E7981C002CE10071CA1C /* ZFCWanderingCubesActivityIndicatorView.m in Sources */ = {isa = PBXBuildFile; fileRef = 0461E7931C002CE10071CA1C /* ZFCWanderingCubesActivityIndicatorView.m */; };
		0461E7991C002CE10071CA1C /* ZFCWaveActivityIndicatorView.m in Sources */ = {isa = PBXBuildFile; fileRef = 0461E7951C002CE10071CA1C /* ZFCWaveActivityIndicatorView.m */; };
		0461E79B1C002D820071CA1C /* ZFLoadingView.swift in Sources */ = {isa = PBXBuildFile; fileRef = 0461E79A1C002D820071CA1C /* ZFLoadingView.swift */; };
		04620B121BCD22BE00E27E77 /* libsqlite3.dylib in Frameworks */ = {isa = PBXBuildFile; fileRef = 04620B111BCD22BE00E27E77 /* libsqlite3.dylib */; };
		046529401BEA0AE800CFA09D /* empRank.plist in Resources */ = {isa = PBXBuildFile; fileRef = 0465293F1BEA0AE800CFA09D /* empRank.plist */; };
		04695DA11BF6DEF700222EE1 /* ZFBadgeValueBtn.swift in Sources */ = {isa = PBXBuildFile; fileRef = 04695DA01BF6DEF700222EE1 /* ZFBadgeValueBtn.swift */; };
		04695DA31BF6F0FD00222EE1 /* ZFSaveLoginEmpModel.swift in Sources */ = {isa = PBXBuildFile; fileRef = 04695DA21BF6F0FD00222EE1 /* ZFSaveLoginEmpModel.swift */; };
		048791CE1C0D681F00541BF4 /* MKAnnotationView+WebCache.m in Sources */ = {isa = PBXBuildFile; fileRef = 048791AE1C0D681F00541BF4 /* MKAnnotationView+WebCache.m */; };
		048791CF1C0D681F00541BF4 /* NSData+ImageContentType.m in Sources */ = {isa = PBXBuildFile; fileRef = 048791B01C0D681F00541BF4 /* NSData+ImageContentType.m */; };
		048791D01C0D681F00541BF4 /* SDImageCache.m in Sources */ = {isa = PBXBuildFile; fileRef = 048791B21C0D681F00541BF4 /* SDImageCache.m */; };
		048791D11C0D681F00541BF4 /* SDWebImageCompat.m in Sources */ = {isa = PBXBuildFile; fileRef = 048791B41C0D681F00541BF4 /* SDWebImageCompat.m */; };
		048791D21C0D681F00541BF4 /* SDWebImageDecoder.m in Sources */ = {isa = PBXBuildFile; fileRef = 048791B61C0D681F00541BF4 /* SDWebImageDecoder.m */; };
		048791D31C0D681F00541BF4 /* SDWebImageDownloader.m in Sources */ = {isa = PBXBuildFile; fileRef = 048791B81C0D681F00541BF4 /* SDWebImageDownloader.m */; };
		048791D41C0D681F00541BF4 /* SDWebImageDownloaderOperation.m in Sources */ = {isa = PBXBuildFile; fileRef = 048791BA1C0D681F00541BF4 /* SDWebImageDownloaderOperation.m */; };
		048791D51C0D681F00541BF4 /* SDWebImageManager.m in Sources */ = {isa = PBXBuildFile; fileRef = 048791BC1C0D681F00541BF4 /* SDWebImageManager.m */; };
		048791D61C0D681F00541BF4 /* SDWebImagePrefetcher.m in Sources */ = {isa = PBXBuildFile; fileRef = 048791BF1C0D681F00541BF4 /* SDWebImagePrefetcher.m */; };
		048791D71C0D681F00541BF4 /* UIButton+WebCache.m in Sources */ = {isa = PBXBuildFile; fileRef = 048791C11C0D681F00541BF4 /* UIButton+WebCache.m */; };
		048791D81C0D681F00541BF4 /* UIImage+GIF.m in Sources */ = {isa = PBXBuildFile; fileRef = 048791C31C0D681F00541BF4 /* UIImage+GIF.m */; };
		048791D91C0D681F00541BF4 /* UIImage+MultiFormat.m in Sources */ = {isa = PBXBuildFile; fileRef = 048791C51C0D681F00541BF4 /* UIImage+MultiFormat.m */; };
		048791DA1C0D681F00541BF4 /* UIImage+WebP.m in Sources */ = {isa = PBXBuildFile; fileRef = 048791C71C0D681F00541BF4 /* UIImage+WebP.m */; };
		048791DB1C0D681F00541BF4 /* UIImageView+HighlightedWebCache.m in Sources */ = {isa = PBXBuildFile; fileRef = 048791C91C0D681F00541BF4 /* UIImageView+HighlightedWebCache.m */; };
		048791DC1C0D681F00541BF4 /* UIImageView+WebCache.m in Sources */ = {isa = PBXBuildFile; fileRef = 048791CB1C0D681F00541BF4 /* UIImageView+WebCache.m */; };
		048791DD1C0D681F00541BF4 /* UIView+WebCacheOperation.m in Sources */ = {isa = PBXBuildFile; fileRef = 048791CD1C0D681F00541BF4 /* UIView+WebCacheOperation.m */; };
		04E509261C0D7B08003354B2 /* ZFShopTool.swift in Sources */ = {isa = PBXBuildFile; fileRef = 04E509251C0D7B08003354B2 /* ZFShopTool.swift */; };
		04F749971BF8942C00FC09F1 /* ZFHomeMeunView.swift in Sources */ = {isa = PBXBuildFile; fileRef = 04F749961BF8942C00FC09F1 /* ZFHomeMeunView.swift */; };
/* End PBXBuildFile section */

/* Begin PBXContainerItemProxy section */
		0455A8FC1BC7DA5C00347C39 /* PBXContainerItemProxy */ = {
			isa = PBXContainerItemProxy;
			containerPortal = 0455A8DE1BC7DA5C00347C39 /* Project object */;
			proxyType = 1;
			remoteGlobalIDString = 0455A8E51BC7DA5C00347C39;
			remoteInfo = ShopApp;
		};
/* End PBXContainerItemProxy section */

/* Begin PBXFileReference section */
		0444BF651C16DE8C0021BED8 /* ZFPromoptView.swift */ = {isa = PBXFileReference; fileEncoding = 4; lastKnownFileType = sourcecode.swift; path = ZFPromoptView.swift; sourceTree = "<group>"; };
		044D3F3D1BFF2B9500A3076E /* ZFCultureModel.swift */ = {isa = PBXFileReference; fileEncoding = 4; lastKnownFileType = sourcecode.swift; path = ZFCultureModel.swift; sourceTree = "<group>"; };
		044D3F411BFF2D7D00A3076E /* ZFCultureHttp.swift */ = {isa = PBXFileReference; fileEncoding = 4; lastKnownFileType = sourcecode.swift; lineEnding = 0; path = ZFCultureHttp.swift; sourceTree = "<group>"; xcLanguageSpecificationIdentifier = xcode.lang.swift; };
		0455A8E61BC7DA5C00347C39 /* ShopApp.app */ = {isa = PBXFileReference; explicitFileType = wrapper.application; includeInIndex = 0; path = ShopApp.app; sourceTree = BUILT_PRODUCTS_DIR; };
		0455A8EA1BC7DA5C00347C39 /* Info.plist */ = {isa = PBXFileReference; lastKnownFileType = text.plist.xml; path = Info.plist; sourceTree = "<group>"; };
		0455A8F01BC7DA5C00347C39 /* Base */ = {isa = PBXFileReference; lastKnownFileType = file.storyboard; name = Base; path = Base.lproj/Main.storyboard; sourceTree = "<group>"; };
		0455A8F21BC7DA5C00347C39 /* Images.xcassets */ = {isa = PBXFileReference; lastKnownFileType = folder.assetcatalog; path = Images.xcassets; sourceTree = "<group>"; };
		0455A8F51BC7DA5C00347C39 /* Base */ = {isa = PBXFileReference; lastKnownFileType = file.xib; name = Base; path = Base.lproj/LaunchScreen.xib; sourceTree = "<group>"; };
		0455A8FB1BC7DA5C00347C39 /* ShopAppTests.xctest */ = {isa = PBXFileReference; explicitFileType = wrapper.cfbundle; includeInIndex = 0; path = ShopAppTests.xctest; sourceTree = BUILT_PRODUCTS_DIR; };
		0455A9001BC7DA5C00347C39 /* Info.plist */ = {isa = PBXFileReference; lastKnownFileType = text.plist.xml; path = Info.plist; sourceTree = "<group>"; };
		0455A9011BC7DA5C00347C39 /* ShopAppTests.swift */ = {isa = PBXFileReference; lastKnownFileType = sourcecode.swift; path = ShopAppTests.swift; sourceTree = "<group>"; };
		0457FF001C095402001C5C94 /* ZFAboutView.swift */ = {isa = PBXFileReference; fileEncoding = 4; lastKnownFileType = sourcecode.swift; lineEnding = 0; path = ZFAboutView.swift; sourceTree = "<group>"; xcLanguageSpecificationIdentifier = xcode.lang.swift; };
		0459094A1BF9AB1400B6DAC2 /* MJRefresh.bundle */ = {isa = PBXFileReference; lastKnownFileType = "wrapper.plug-in"; path = MJRefresh.bundle; sourceTree = "<group>"; };
		0459094B1BF9AB1400B6DAC2 /* MJRefresh.h */ = {isa = PBXFileReference; fileEncoding = 4; lastKnownFileType = sourcecode.c.h; path = MJRefresh.h; sourceTree = "<group>"; };
		0459094C1BF9AB1400B6DAC2 /* MJRefreshBaseView.h */ = {isa = PBXFileReference; fileEncoding = 4; lastKnownFileType = sourcecode.c.h; path = MJRefreshBaseView.h; sourceTree = "<group>"; };
		0459094D1BF9AB1400B6DAC2 /* MJRefreshBaseView.m */ = {isa = PBXFileReference; fileEncoding = 4; lastKnownFileType = sourcecode.c.objc; path = MJRefreshBaseView.m; sourceTree = "<group>"; };
		0459094E1BF9AB1400B6DAC2 /* MJRefreshConst.h */ = {isa = PBXFileReference; fileEncoding = 4; lastKnownFileType = sourcecode.c.h; path = MJRefreshConst.h; sourceTree = "<group>"; };
		0459094F1BF9AB1400B6DAC2 /* MJRefreshConst.m */ = {isa = PBXFileReference; fileEncoding = 4; lastKnownFileType = sourcecode.c.objc; path = MJRefreshConst.m; sourceTree = "<group>"; };
		045909501BF9AB1400B6DAC2 /* MJRefreshFooterView.h */ = {isa = PBXFileReference; fileEncoding = 4; lastKnownFileType = sourcecode.c.h; path = MJRefreshFooterView.h; sourceTree = "<group>"; };
		045909511BF9AB1400B6DAC2 /* MJRefreshFooterView.m */ = {isa = PBXFileReference; fileEncoding = 4; lastKnownFileType = sourcecode.c.objc; path = MJRefreshFooterView.m; sourceTree = "<group>"; };
		045909521BF9AB1400B6DAC2 /* MJRefreshHeaderView.h */ = {isa = PBXFileReference; fileEncoding = 4; lastKnownFileType = sourcecode.c.h; path = MJRefreshHeaderView.h; sourceTree = "<group>"; };
		045909531BF9AB1400B6DAC2 /* MJRefreshHeaderView.m */ = {isa = PBXFileReference; fileEncoding = 4; lastKnownFileType = sourcecode.c.objc; path = MJRefreshHeaderView.m; sourceTree = "<group>"; };
		045909541BF9AB1400B6DAC2 /* UIScrollView+MJExtension.h */ = {isa = PBXFileReference; fileEncoding = 4; lastKnownFileType = sourcecode.c.h; path = "UIScrollView+MJExtension.h"; sourceTree = "<group>"; };
		045909551BF9AB1400B6DAC2 /* UIScrollView+MJExtension.m */ = {isa = PBXFileReference; fileEncoding = 4; lastKnownFileType = sourcecode.c.objc; path = "UIScrollView+MJExtension.m"; sourceTree = "<group>"; };
		045909561BF9AB1400B6DAC2 /* UIScrollView+MJRefresh.h */ = {isa = PBXFileReference; fileEncoding = 4; lastKnownFileType = sourcecode.c.h; path = "UIScrollView+MJRefresh.h"; sourceTree = "<group>"; };
		045909571BF9AB1400B6DAC2 /* UIScrollView+MJRefresh.m */ = {isa = PBXFileReference; fileEncoding = 4; lastKnownFileType = sourcecode.c.objc; path = "UIScrollView+MJRefresh.m"; sourceTree = "<group>"; };
		045909581BF9AB1400B6DAC2 /* UIView+MJExtension.h */ = {isa = PBXFileReference; fileEncoding = 4; lastKnownFileType = sourcecode.c.h; path = "UIView+MJExtension.h"; sourceTree = "<group>"; };
		045909591BF9AB1400B6DAC2 /* UIView+MJExtension.m */ = {isa = PBXFileReference; fileEncoding = 4; lastKnownFileType = sourcecode.c.objc; path = "UIView+MJExtension.m"; sourceTree = "<group>"; };
		045909631BF9AD9100B6DAC2 /* Foundation.framework */ = {isa = PBXFileReference; lastKnownFileType = wrapper.framework; name = Foundation.framework; path = System/Library/Frameworks/Foundation.framework; sourceTree = SDKROOT; };
		045909651BF9ADA700B6DAC2 /* CoreGraphics.framework */ = {isa = PBXFileReference; lastKnownFileType = wrapper.framework; name = CoreGraphics.framework; path = System/Library/Frameworks/CoreGraphics.framework; sourceTree = SDKROOT; };
		045909671BF9ADC500B6DAC2 /* UIKit.framework */ = {isa = PBXFileReference; lastKnownFileType = wrapper.framework; name = UIKit.framework; path = System/Library/Frameworks/UIKit.framework; sourceTree = SDKROOT; };
		045909691BF9BA1300B6DAC2 /* ZFNavTitleView.swift */ = {isa = PBXFileReference; fileEncoding = 4; lastKnownFileType = sourcecode.swift; path = ZFNavTitleView.swift; sourceTree = "<group>"; };
		0459D4081BF762C200D41FE6 /* ZFSetupContentView.swift */ = {isa = PBXFileReference; fileEncoding = 4; lastKnownFileType = sourcecode.swift; path = ZFSetupContentView.swift; sourceTree = "<group>"; };
		0459D40A1BF7652700D41FE6 /* ZFSetupContentModel.swift */ = {isa = PBXFileReference; fileEncoding = 4; lastKnownFileType = sourcecode.swift; path = ZFSetupContentModel.swift; sourceTree = "<group>"; };
		0459D40C1BF765F600D41FE6 /* setupContent.plist */ = {isa = PBXFileReference; fileEncoding = 4; lastKnownFileType = text.plist.xml; path = setupContent.plist; sourceTree = "<group>"; };
		0459D40E1BF768EA00D41FE6 /* ZFSetupContentCell.swift */ = {isa = PBXFileReference; fileEncoding = 4; lastKnownFileType = sourcecode.swift; path = ZFSetupContentCell.swift; sourceTree = "<group>"; };
		0459D4101BF7724B00D41FE6 /* ZFInformationView.swift */ = {isa = PBXFileReference; fileEncoding = 4; lastKnownFileType = sourcecode.swift; path = ZFInformationView.swift; sourceTree = "<group>"; };
		045AAB381C16AE64009CB302 /* NSDate_Extension.swift */ = {isa = PBXFileReference; fileEncoding = 4; lastKnownFileType = sourcecode.swift; path = NSDate_Extension.swift; sourceTree = "<group>"; };
		045AAB3B1C16C926009CB302 /* ZFTimeTool.swift */ = {isa = PBXFileReference; fileEncoding = 4; lastKnownFileType = sourcecode.swift; path = ZFTimeTool.swift; sourceTree = "<group>"; };
		045ADACF1C01C84900A9E093 /* newFeature.plist */ = {isa = PBXFileReference; fileEncoding = 4; lastKnownFileType = text.plist.xml; path = newFeature.plist; sourceTree = "<group>"; };
		045ADAD11C01CC8B00A9E093 /* ZFNewFeatureViewController.swift */ = {isa = PBXFileReference; fileEncoding = 4; lastKnownFileType = sourcecode.swift; path = ZFNewFeatureViewController.swift; sourceTree = "<group>"; };
		045ADAD31C01CC9B00A9E093 /* ZFNewFeatureView.swift */ = {isa = PBXFileReference; fileEncoding = 4; lastKnownFileType = sourcecode.swift; path = ZFNewFeatureView.swift; sourceTree = "<group>"; };
		045C76031BF2D958007A2560 /* ZFShowMenuContentView.swift */ = {isa = PBXFileReference; fileEncoding = 4; lastKnownFileType = sourcecode.swift; path = ZFShowMenuContentView.swift; sourceTree = "<group>"; };
		045DD8401BF2CB6300CCEED7 /* ZFInformationViewController.swift */ = {isa = PBXFileReference; fileEncoding = 4; lastKnownFileType = sourcecode.swift; path = ZFInformationViewController.swift; sourceTree = "<group>"; };
		045DD8421BF2CB6300CCEED7 /* ZFEmpModel.swift */ = {isa = PBXFileReference; fileEncoding = 4; lastKnownFileType = sourcecode.swift; path = ZFEmpModel.swift; sourceTree = "<group>"; };
		045DD8441BF2CB6300CCEED7 /* ZFEmpheaderView.swift */ = {isa = PBXFileReference; fileEncoding = 4; lastKnownFileType = sourcecode.swift; path = ZFEmpheaderView.swift; sourceTree = "<group>"; };
		045DD8451BF2CB6300CCEED7 /* ZFEmpViewCell.swift */ = {isa = PBXFileReference; fileEncoding = 4; lastKnownFileType = sourcecode.swift; path = ZFEmpViewCell.swift; sourceTree = "<group>"; };
		045DD8461BF2CB6300CCEED7 /* ZFStatView.swift */ = {isa = PBXFileReference; fileEncoding = 4; lastKnownFileType = sourcecode.swift; path = ZFStatView.swift; sourceTree = "<group>"; };
		045DD8491BF2CB6300CCEED7 /* ZFHomeViewController.swift */ = {isa = PBXFileReference; fileEncoding = 4; lastKnownFileType = sourcecode.swift; path = ZFHomeViewController.swift; sourceTree = "<group>"; };
		045DD84C1BF2CB6300CCEED7 /* ZFMenuContentModel.swift */ = {isa = PBXFileReference; fileEncoding = 4; lastKnownFileType = sourcecode.swift; path = ZFMenuContentModel.swift; sourceTree = "<group>"; };
		045DD84D1BF2CB6300CCEED7 /* ZFMenuTitleModel.swift */ = {isa = PBXFileReference; fileEncoding = 4; lastKnownFileType = sourcecode.swift; path = ZFMenuTitleModel.swift; sourceTree = "<group>"; };
		045DD84F1BF2CB6300CCEED7 /* ZFHomeHeaderView.swift */ = {isa = PBXFileReference; fileEncoding = 4; lastKnownFileType = sourcecode.swift; path = ZFHomeHeaderView.swift; sourceTree = "<group>"; };
		045DD8501BF2CB6300CCEED7 /* ZFMenuContentTableViewCell.swift */ = {isa = PBXFileReference; fileEncoding = 4; lastKnownFileType = sourcecode.swift; path = ZFMenuContentTableViewCell.swift; sourceTree = "<group>"; };
		045DD8511BF2CB6300CCEED7 /* ZFSectionHeaderView.swift */ = {isa = PBXFileReference; fileEncoding = 4; lastKnownFileType = sourcecode.swift; path = ZFSectionHeaderView.swift; sourceTree = "<group>"; };
		045DD8541BF2CB6300CCEED7 /* constant.swift */ = {isa = PBXFileReference; fileEncoding = 4; lastKnownFileType = sourcecode.swift; lineEnding = 0; path = constant.swift; sourceTree = "<group>"; xcLanguageSpecificationIdentifier = xcode.lang.swift; };
		045DD8561BF2CB6300CCEED7 /* ZFLoginViewController.swift */ = {isa = PBXFileReference; fileEncoding = 4; lastKnownFileType = sourcecode.swift; path = ZFLoginViewController.swift; sourceTree = "<group>"; };
		045DD8571BF2CB6300CCEED7 /* ZFNavigationViewController.swift */ = {isa = PBXFileReference; fileEncoding = 4; lastKnownFileType = sourcecode.swift; path = ZFNavigationViewController.swift; sourceTree = "<group>"; };
		045DD8581BF2CB6300CCEED7 /* ZFRefreshControl.swift */ = {isa = PBXFileReference; fileEncoding = 4; lastKnownFileType = sourcecode.swift; path = ZFRefreshControl.swift; sourceTree = "<group>"; };
		045DD8591BF2CB6300CCEED7 /* ZFTabBarViewController.swift */ = {isa = PBXFileReference; fileEncoding = 4; lastKnownFileType = sourcecode.swift; path = ZFTabBarViewController.swift; sourceTree = "<group>"; };
		045DD85B1BF2CB6300CCEED7 /* ZFSaveEmpModel.swift */ = {isa = PBXFileReference; fileEncoding = 4; lastKnownFileType = sourcecode.swift; path = ZFSaveEmpModel.swift; sourceTree = "<group>"; };
		045DD85D1BF2CB6300CCEED7 /* ZFHeaPortraitView.swift */ = {isa = PBXFileReference; fileEncoding = 4; lastKnownFileType = sourcecode.swift; path = ZFHeaPortraitView.swift; sourceTree = "<group>"; };
		045DD85F1BF2CB6300CCEED7 /* b27_icon_star_gray@2x.png */ = {isa = PBXFileReference; lastKnownFileType = image.png; path = "b27_icon_star_gray@2x.png"; sourceTree = "<group>"; };
		045DD8601BF2CB6300CCEED7 /* b27_icon_star_yellow@2x.png */ = {isa = PBXFileReference; lastKnownFileType = image.png; path = "b27_icon_star_yellow@2x.png"; sourceTree = "<group>"; };
		045DD8611BF2CB6300CCEED7 /* ZFRatingStarView.swift */ = {isa = PBXFileReference; fileEncoding = 4; lastKnownFileType = sourcecode.swift; path = ZFRatingStarView.swift; sourceTree = "<group>"; };
		045DD8641BF2CB6300CCEED7 /* ZFOrderViewController.swift */ = {isa = PBXFileReference; fileEncoding = 4; lastKnownFileType = sourcecode.swift; path = ZFOrderViewController.swift; sourceTree = "<group>"; };
		045DD8651BF2CB6300CCEED7 /* ZFShowEvenAnyOrderController.swift */ = {isa = PBXFileReference; fileEncoding = 4; lastKnownFileType = sourcecode.swift; path = ZFShowEvenAnyOrderController.swift; sourceTree = "<group>"; };
		045DD8671BF2CB6300CCEED7 /* ZFOrdersModel.swift */ = {isa = PBXFileReference; fileEncoding = 4; lastKnownFileType = sourcecode.swift; path = ZFOrdersModel.swift; sourceTree = "<group>"; };
		045DD8691BF2CB6300CCEED7 /* ZFOrderContentCell.swift */ = {isa = PBXFileReference; fileEncoding = 4; lastKnownFileType = sourcecode.swift; path = ZFOrderContentCell.swift; sourceTree = "<group>"; };
		045DD86A1BF2CB6300CCEED7 /* ZFOrderTableViewCell.swift */ = {isa = PBXFileReference; fileEncoding = 4; lastKnownFileType = sourcecode.swift; path = ZFOrderTableViewCell.swift; sourceTree = "<group>"; };
		045DD86B1BF2CB6300CCEED7 /* ZFShowEvenOrderSectionHearderView.swift */ = {isa = PBXFileReference; fileEncoding = 4; lastKnownFileType = sourcecode.swift; path = ZFShowEvenOrderSectionHearderView.swift; sourceTree = "<group>"; };
		045DD86D1BF2CB6300CCEED7 /* AppDelegate.swift */ = {isa = PBXFileReference; fileEncoding = 4; lastKnownFileType = sourcecode.swift; lineEnding = 0; path = AppDelegate.swift; sourceTree = "<group>"; xcLanguageSpecificationIdentifier = xcode.lang.swift; };
		045DD8701BF2CB6300CCEED7 /* CGPoint_Extension.swift */ = {isa = PBXFileReference; fileEncoding = 4; lastKnownFileType = sourcecode.swift; path = CGPoint_Extension.swift; sourceTree = "<group>"; };
		045DD8711BF2CB6300CCEED7 /* NSString-Extension.swift */ = {isa = PBXFileReference; fileEncoding = 4; lastKnownFileType = sourcecode.swift; path = "NSString-Extension.swift"; sourceTree = "<group>"; };
		045DD8721BF2CB6300CCEED7 /* UIImage-Extension.swift */ = {isa = PBXFileReference; fileEncoding = 4; lastKnownFileType = sourcecode.swift; path = "UIImage-Extension.swift"; sourceTree = "<group>"; };
		045DD8731BF2CB6300CCEED7 /* UILabel_Extension.swift */ = {isa = PBXFileReference; fileEncoding = 4; lastKnownFileType = sourcecode.swift; path = UILabel_Extension.swift; sourceTree = "<group>"; };
		045DD8741BF2CB6300CCEED7 /* UIView_Extension.swift */ = {isa = PBXFileReference; fileEncoding = 4; lastKnownFileType = sourcecode.swift; lineEnding = 0; path = UIView_Extension.swift; sourceTree = "<group>"; xcLanguageSpecificationIdentifier = xcode.lang.swift; };
		045DD8751BF2CB6300CCEED7 /* UIViewcontroller_Extension.swift */ = {isa = PBXFileReference; fileEncoding = 4; lastKnownFileType = sourcecode.swift; path = UIViewcontroller_Extension.swift; sourceTree = "<group>"; };
		045DD8771BF2CB6300CCEED7 /* ZFFMDatabaseQueue.swift */ = {isa = PBXFileReference; fileEncoding = 4; lastKnownFileType = sourcecode.swift; path = ZFFMDatabaseQueue.swift; sourceTree = "<group>"; };
		045DD8791BF2CB6300CCEED7 /* FMDatabase.h */ = {isa = PBXFileReference; fileEncoding = 4; lastKnownFileType = sourcecode.c.h; path = FMDatabase.h; sourceTree = "<group>"; };
		045DD87A1BF2CB6300CCEED7 /* FMDatabase.m */ = {isa = PBXFileReference; fileEncoding = 4; lastKnownFileType = sourcecode.c.objc; path = FMDatabase.m; sourceTree = "<group>"; };
		045DD87B1BF2CB6300CCEED7 /* FMDatabaseAdditions.h */ = {isa = PBXFileReference; fileEncoding = 4; lastKnownFileType = sourcecode.c.h; path = FMDatabaseAdditions.h; sourceTree = "<group>"; };
		045DD87C1BF2CB6300CCEED7 /* FMDatabaseAdditions.m */ = {isa = PBXFileReference; fileEncoding = 4; lastKnownFileType = sourcecode.c.objc; path = FMDatabaseAdditions.m; sourceTree = "<group>"; };
		045DD87D1BF2CB6300CCEED7 /* FMDatabasePool.h */ = {isa = PBXFileReference; fileEncoding = 4; lastKnownFileType = sourcecode.c.h; path = FMDatabasePool.h; sourceTree = "<group>"; };
		045DD87E1BF2CB6300CCEED7 /* FMDatabasePool.m */ = {isa = PBXFileReference; fileEncoding = 4; lastKnownFileType = sourcecode.c.objc; path = FMDatabasePool.m; sourceTree = "<group>"; };
		045DD87F1BF2CB6300CCEED7 /* FMDatabaseQueue.h */ = {isa = PBXFileReference; fileEncoding = 4; lastKnownFileType = sourcecode.c.h; path = FMDatabaseQueue.h; sourceTree = "<group>"; };
		045DD8801BF2CB6300CCEED7 /* FMDatabaseQueue.m */ = {isa = PBXFileReference; fileEncoding = 4; lastKnownFileType = sourcecode.c.objc; path = FMDatabaseQueue.m; sourceTree = "<group>"; };
		045DD8811BF2CB6300CCEED7 /* FMDB.h */ = {isa = PBXFileReference; fileEncoding = 4; lastKnownFileType = sourcecode.c.h; path = FMDB.h; sourceTree = "<group>"; };
		045DD8821BF2CB6300CCEED7 /* FMResultSet.h */ = {isa = PBXFileReference; fileEncoding = 4; lastKnownFileType = sourcecode.c.h; path = FMResultSet.h; sourceTree = "<group>"; };
		045DD8831BF2CB6300CCEED7 /* FMResultSet.m */ = {isa = PBXFileReference; fileEncoding = 4; lastKnownFileType = sourcecode.c.objc; path = FMResultSet.m; sourceTree = "<group>"; };
		045DD8851BF2CB6300CCEED7 /* ShopApp-Bridging-Header.h */ = {isa = PBXFileReference; fileEncoding = 4; lastKnownFileType = sourcecode.c.h; lineEnding = 0; path = "ShopApp-Bridging-Header.h"; sourceTree = "<group>"; xcLanguageSpecificationIdentifier = xcode.lang.objcpp; };
		045DD8881BF2CB6300CCEED7 /* ZFMenuContentDBTool.swift */ = {isa = PBXFileReference; fileEncoding = 4; lastKnownFileType = sourcecode.swift; path = ZFMenuContentDBTool.swift; sourceTree = "<group>"; };
		045DD8891BF2CB6300CCEED7 /* ZFMenuTitleDBTool.swift */ = {isa = PBXFileReference; fileEncoding = 4; lastKnownFileType = sourcecode.swift; path = ZFMenuTitleDBTool.swift; sourceTree = "<group>"; };
		045DD88A1BF2CB6300CCEED7 /* ZFSeatDBTool.swift */ = {isa = PBXFileReference; fileEncoding = 4; lastKnownFileType = sourcecode.swift; path = ZFSeatDBTool.swift; sourceTree = "<group>"; };
		045DD88C1BF2CB6300CCEED7 /* ZFEmpTool.swift */ = {isa = PBXFileReference; fileEncoding = 4; lastKnownFileType = sourcecode.swift; path = ZFEmpTool.swift; sourceTree = "<group>"; };
		045DD88E1BF2CB6300CCEED7 /* ZFAsynHttp.swift */ = {isa = PBXFileReference; fileEncoding = 4; lastKnownFileType = sourcecode.swift; lineEnding = 0; path = ZFAsynHttp.swift; sourceTree = "<group>"; xcLanguageSpecificationIdentifier = xcode.lang.swift; };
		045DD88F1BF2CB6300CCEED7 /* ZFEmpHttp.swift */ = {isa = PBXFileReference; fileEncoding = 4; lastKnownFileType = sourcecode.swift; path = ZFEmpHttp.swift; sourceTree = "<group>"; };
		045DD8901BF2CB6300CCEED7 /* ZFGetMenuHttp.swift */ = {isa = PBXFileReference; fileEncoding = 4; lastKnownFileType = sourcecode.swift; path = ZFGetMenuHttp.swift; sourceTree = "<group>"; };
		045DD8911BF2CB6300CCEED7 /* ZFOrderHttp.swift */ = {isa = PBXFileReference; fileEncoding = 4; lastKnownFileType = sourcecode.swift; path = ZFOrderHttp.swift; sourceTree = "<group>"; };
		045DD8921BF2CB6300CCEED7 /* ZFSeatHttp.swift */ = {isa = PBXFileReference; fileEncoding = 4; lastKnownFileType = sourcecode.swift; path = ZFSeatHttp.swift; sourceTree = "<group>"; };
		045DD8941BF2CB6300CCEED7 /* ZFMenuSqlite.swift */ = {isa = PBXFileReference; fileEncoding = 4; lastKnownFileType = sourcecode.swift; path = ZFMenuSqlite.swift; sourceTree = "<group>"; };
		045DD8951BF2CB6300CCEED7 /* ZFOrderSqlite.swift */ = {isa = PBXFileReference; fileEncoding = 4; lastKnownFileType = sourcecode.swift; path = ZFOrderSqlite.swift; sourceTree = "<group>"; };
		045DD8991BF2CB6300CCEED7 /* ZFRatingStarViewController.swift */ = {isa = PBXFileReference; fileEncoding = 4; lastKnownFileType = sourcecode.swift; path = ZFRatingStarViewController.swift; sourceTree = "<group>"; };
		045DD89A1BF2CB6300CCEED7 /* ZFSeatCollectionViewController.swift */ = {isa = PBXFileReference; fileEncoding = 4; lastKnownFileType = sourcecode.swift; path = ZFSeatCollectionViewController.swift; sourceTree = "<group>"; };
		045DD89B1BF2CB6300CCEED7 /* ZFSinglePointViewController.swift */ = {isa = PBXFileReference; fileEncoding = 4; lastKnownFileType = sourcecode.swift; path = ZFSinglePointViewController.swift; sourceTree = "<group>"; };
		045DD89D1BF2CB6300CCEED7 /* ZFEmpRankImageModel.swift */ = {isa = PBXFileReference; fileEncoding = 4; lastKnownFileType = sourcecode.swift; path = ZFEmpRankImageModel.swift; sourceTree = "<group>"; };
		045DD89E1BF2CB6300CCEED7 /* ZFOrderContentModel.swift */ = {isa = PBXFileReference; fileEncoding = 4; lastKnownFileType = sourcecode.swift; path = ZFOrderContentModel.swift; sourceTree = "<group>"; };
		045DD89F1BF2CB6300CCEED7 /* ZFSeatModel.swift */ = {isa = PBXFileReference; fileEncoding = 4; lastKnownFileType = sourcecode.swift; path = ZFSeatModel.swift; sourceTree = "<group>"; };
		045DD8A21BF2CB6300CCEED7 /* ZFRatingStarAlertView.swift */ = {isa = PBXFileReference; fileEncoding = 4; lastKnownFileType = sourcecode.swift; path = ZFRatingStarAlertView.swift; sourceTree = "<group>"; };
		045DD8A41BF2CB6300CCEED7 /* ZFShopCarFooterView.swift */ = {isa = PBXFileReference; fileEncoding = 4; lastKnownFileType = sourcecode.swift; path = ZFShopCarFooterView.swift; sourceTree = "<group>"; };
		045DD8A51BF2CB6300CCEED7 /* ZFShopCarHeaderView.swift */ = {isa = PBXFileReference; fileEncoding = 4; lastKnownFileType = sourcecode.swift; path = ZFShopCarHeaderView.swift; sourceTree = "<group>"; };
		045DD8A61BF2CB6300CCEED7 /* ZFShoppingCartBtn.swift */ = {isa = PBXFileReference; fileEncoding = 4; lastKnownFileType = sourcecode.swift; path = ZFShoppingCartBtn.swift; sourceTree = "<group>"; };
		045DD8A71BF2CB6300CCEED7 /* ZFShoppingCartShowMenuContentCell.swift */ = {isa = PBXFileReference; fileEncoding = 4; lastKnownFileType = sourcecode.swift; path = ZFShoppingCartShowMenuContentCell.swift; sourceTree = "<group>"; };
		045DD8A81BF2CB6300CCEED7 /* ZFShoppingCartShowMenuContentView.swift */ = {isa = PBXFileReference; fileEncoding = 4; lastKnownFileType = sourcecode.swift; path = ZFShoppingCartShowMenuContentView.swift; sourceTree = "<group>"; };
		045DD8A91BF2CB6300CCEED7 /* ZFShoppingCarView.swift */ = {isa = PBXFileReference; fileEncoding = 4; lastKnownFileType = sourcecode.swift; path = ZFShoppingCarView.swift; sourceTree = "<group>"; };
		045DD8AB1BF2CB6300CCEED7 /* ZFMenuContentCell.swift */ = {isa = PBXFileReference; fileEncoding = 4; lastKnownFileType = sourcecode.swift; path = ZFMenuContentCell.swift; sourceTree = "<group>"; };
		045DD8AC1BF2CB6300CCEED7 /* ZFMenuContentView.swift */ = {isa = PBXFileReference; fileEncoding = 4; lastKnownFileType = sourcecode.swift; path = ZFMenuContentView.swift; sourceTree = "<group>"; };
		045DD8AD1BF2CB6300CCEED7 /* ZFMenuTitlelCell.swift */ = {isa = PBXFileReference; fileEncoding = 4; lastKnownFileType = sourcecode.swift; path = ZFMenuTitlelCell.swift; sourceTree = "<group>"; };
		045DD8AE1BF2CB6300CCEED7 /* ZFMenuTitlelView.swift */ = {isa = PBXFileReference; fileEncoding = 4; lastKnownFileType = sourcecode.swift; path = ZFMenuTitlelView.swift; sourceTree = "<group>"; };
		045DD8AF1BF2CB6300CCEED7 /* ZFSeatCollectionViewCell.swift */ = {isa = PBXFileReference; fileEncoding = 4; lastKnownFileType = sourcecode.swift; path = ZFSeatCollectionViewCell.swift; sourceTree = "<group>"; };
		045FD7A51BF8B97900E69411 /* ZFInformationSectionHeaderView.swift */ = {isa = PBXFileReference; fileEncoding = 4; lastKnownFileType = sourcecode.swift; path = ZFInformationSectionHeaderView.swift; sourceTree = "<group>"; };
		046073481BFC7E0200EEB0B2 /* ZFSearchBarView.swift */ = {isa = PBXFileReference; fileEncoding = 4; lastKnownFileType = sourcecode.swift; path = ZFSearchBarView.swift; sourceTree = "<group>"; };
		0460734A1BFC85A400EEB0B2 /* ZFShowSearchResultView.swift */ = {isa = PBXFileReference; fileEncoding = 4; lastKnownFileType = sourcecode.swift; path = ZFShowSearchResultView.swift; sourceTree = "<group>"; };
		0461E78E1C002CE10071CA1C /* ZFCDoubleBounceActivityIndicatorView.h */ = {isa = PBXFileReference; fileEncoding = 4; lastKnownFileType = sourcecode.c.h; path = ZFCDoubleBounceActivityIndicatorView.h; sourceTree = "<group>"; };
		0461E78F1C002CE10071CA1C /* ZFCDoubleBounceActivityIndicatorView.m */ = {isa = PBXFileReference; fileEncoding = 4; lastKnownFileType = sourcecode.c.objc; path = ZFCDoubleBounceActivityIndicatorView.m; sourceTree = "<group>"; };
		0461E7901C002CE10071CA1C /* ZFCRotatingPlaneActivityIndicatorView.h */ = {isa = PBXFileReference; fileEncoding = 4; lastKnownFileType = sourcecode.c.h; path = ZFCRotatingPlaneActivityIndicatorView.h; sourceTree = "<group>"; };
		0461E7911C002CE10071CA1C /* ZFCRotatingPlaneActivityIndicatorView.m */ = {isa = PBXFileReference; fileEncoding = 4; lastKnownFileType = sourcecode.c.objc; path = ZFCRotatingPlaneActivityIndicatorView.m; sourceTree = "<group>"; };
		0461E7921C002CE10071CA1C /* ZFCWanderingCubesActivityIndicatorView.h */ = {isa = PBXFileReference; fileEncoding = 4; lastKnownFileType = sourcecode.c.h; path = ZFCWanderingCubesActivityIndicatorView.h; sourceTree = "<group>"; };
		0461E7931C002CE10071CA1C /* ZFCWanderingCubesActivityIndicatorView.m */ = {isa = PBXFileReference; fileEncoding = 4; lastKnownFileType = sourcecode.c.objc; path = ZFCWanderingCubesActivityIndicatorView.m; sourceTree = "<group>"; };
		0461E7941C002CE10071CA1C /* ZFCWaveActivityIndicatorView.h */ = {isa = PBXFileReference; fileEncoding = 4; lastKnownFileType = sourcecode.c.h; path = ZFCWaveActivityIndicatorView.h; sourceTree = "<group>"; };
		0461E7951C002CE10071CA1C /* ZFCWaveActivityIndicatorView.m */ = {isa = PBXFileReference; fileEncoding = 4; lastKnownFileType = sourcecode.c.objc; path = ZFCWaveActivityIndicatorView.m; sourceTree = "<group>"; };
		0461E79A1C002D820071CA1C /* ZFLoadingView.swift */ = {isa = PBXFileReference; fileEncoding = 4; lastKnownFileType = sourcecode.swift; path = ZFLoadingView.swift; sourceTree = "<group>"; };
		04620B111BCD22BE00E27E77 /* libsqlite3.dylib */ = {isa = PBXFileReference; lastKnownFileType = "compiled.mach-o.dylib"; name = libsqlite3.dylib; path = usr/lib/libsqlite3.dylib; sourceTree = SDKROOT; };
		0465293F1BEA0AE800CFA09D /* empRank.plist */ = {isa = PBXFileReference; fileEncoding = 4; lastKnownFileType = text.plist.xml; path = empRank.plist; sourceTree = "<group>"; };
		04695DA01BF6DEF700222EE1 /* ZFBadgeValueBtn.swift */ = {isa = PBXFileReference; fileEncoding = 4; lastKnownFileType = sourcecode.swift; lineEnding = 0; path = ZFBadgeValueBtn.swift; sourceTree = "<group>"; xcLanguageSpecificationIdentifier = xcode.lang.swift; };
		04695DA21BF6F0FD00222EE1 /* ZFSaveLoginEmpModel.swift */ = {isa = PBXFileReference; fileEncoding = 4; lastKnownFileType = sourcecode.swift; path = ZFSaveLoginEmpModel.swift; sourceTree = "<group>"; };
		048791AD1C0D681F00541BF4 /* MKAnnotationView+WebCache.h */ = {isa = PBXFileReference; fileEncoding = 4; lastKnownFileType = sourcecode.c.h; path = "MKAnnotationView+WebCache.h"; sourceTree = "<group>"; };
		048791AE1C0D681F00541BF4 /* MKAnnotationView+WebCache.m */ = {isa = PBXFileReference; fileEncoding = 4; lastKnownFileType = sourcecode.c.objc; path = "MKAnnotationView+WebCache.m"; sourceTree = "<group>"; };
		048791AF1C0D681F00541BF4 /* NSData+ImageContentType.h */ = {isa = PBXFileReference; fileEncoding = 4; lastKnownFileType = sourcecode.c.h; path = "NSData+ImageContentType.h"; sourceTree = "<group>"; };
		048791B01C0D681F00541BF4 /* NSData+ImageContentType.m */ = {isa = PBXFileReference; fileEncoding = 4; lastKnownFileType = sourcecode.c.objc; path = "NSData+ImageContentType.m"; sourceTree = "<group>"; };
		048791B11C0D681F00541BF4 /* SDImageCache.h */ = {isa = PBXFileReference; fileEncoding = 4; lastKnownFileType = sourcecode.c.h; path = SDImageCache.h; sourceTree = "<group>"; };
		048791B21C0D681F00541BF4 /* SDImageCache.m */ = {isa = PBXFileReference; fileEncoding = 4; lastKnownFileType = sourcecode.c.objc; path = SDImageCache.m; sourceTree = "<group>"; };
		048791B31C0D681F00541BF4 /* SDWebImageCompat.h */ = {isa = PBXFileReference; fileEncoding = 4; lastKnownFileType = sourcecode.c.h; path = SDWebImageCompat.h; sourceTree = "<group>"; };
		048791B41C0D681F00541BF4 /* SDWebImageCompat.m */ = {isa = PBXFileReference; fileEncoding = 4; lastKnownFileType = sourcecode.c.objc; path = SDWebImageCompat.m; sourceTree = "<group>"; };
		048791B51C0D681F00541BF4 /* SDWebImageDecoder.h */ = {isa = PBXFileReference; fileEncoding = 4; lastKnownFileType = sourcecode.c.h; path = SDWebImageDecoder.h; sourceTree = "<group>"; };
		048791B61C0D681F00541BF4 /* SDWebImageDecoder.m */ = {isa = PBXFileReference; fileEncoding = 4; lastKnownFileType = sourcecode.c.objc; path = SDWebImageDecoder.m; sourceTree = "<group>"; };
		048791B71C0D681F00541BF4 /* SDWebImageDownloader.h */ = {isa = PBXFileReference; fileEncoding = 4; lastKnownFileType = sourcecode.c.h; path = SDWebImageDownloader.h; sourceTree = "<group>"; };
		048791B81C0D681F00541BF4 /* SDWebImageDownloader.m */ = {isa = PBXFileReference; fileEncoding = 4; lastKnownFileType = sourcecode.c.objc; path = SDWebImageDownloader.m; sourceTree = "<group>"; };
		048791B91C0D681F00541BF4 /* SDWebImageDownloaderOperation.h */ = {isa = PBXFileReference; fileEncoding = 4; lastKnownFileType = sourcecode.c.h; path = SDWebImageDownloaderOperation.h; sourceTree = "<group>"; };
		048791BA1C0D681F00541BF4 /* SDWebImageDownloaderOperation.m */ = {isa = PBXFileReference; fileEncoding = 4; lastKnownFileType = sourcecode.c.objc; path = SDWebImageDownloaderOperation.m; sourceTree = "<group>"; };
		048791BB1C0D681F00541BF4 /* SDWebImageManager.h */ = {isa = PBXFileReference; fileEncoding = 4; lastKnownFileType = sourcecode.c.h; path = SDWebImageManager.h; sourceTree = "<group>"; };
		048791BC1C0D681F00541BF4 /* SDWebImageManager.m */ = {isa = PBXFileReference; fileEncoding = 4; lastKnownFileType = sourcecode.c.objc; path = SDWebImageManager.m; sourceTree = "<group>"; };
		048791BD1C0D681F00541BF4 /* SDWebImageOperation.h */ = {isa = PBXFileReference; fileEncoding = 4; lastKnownFileType = sourcecode.c.h; path = SDWebImageOperation.h; sourceTree = "<group>"; };
		048791BE1C0D681F00541BF4 /* SDWebImagePrefetcher.h */ = {isa = PBXFileReference; fileEncoding = 4; lastKnownFileType = sourcecode.c.h; path = SDWebImagePrefetcher.h; sourceTree = "<group>"; };
		048791BF1C0D681F00541BF4 /* SDWebImagePrefetcher.m */ = {isa = PBXFileReference; fileEncoding = 4; lastKnownFileType = sourcecode.c.objc; path = SDWebImagePrefetcher.m; sourceTree = "<group>"; };
		048791C01C0D681F00541BF4 /* UIButton+WebCache.h */ = {isa = PBXFileReference; fileEncoding = 4; lastKnownFileType = sourcecode.c.h; path = "UIButton+WebCache.h"; sourceTree = "<group>"; };
		048791C11C0D681F00541BF4 /* UIButton+WebCache.m */ = {isa = PBXFileReference; fileEncoding = 4; lastKnownFileType = sourcecode.c.objc; path = "UIButton+WebCache.m"; sourceTree = "<group>"; };
		048791C21C0D681F00541BF4 /* UIImage+GIF.h */ = {isa = PBXFileReference; fileEncoding = 4; lastKnownFileType = sourcecode.c.h; path = "UIImage+GIF.h"; sourceTree = "<group>"; };
		048791C31C0D681F00541BF4 /* UIImage+GIF.m */ = {isa = PBXFileReference; fileEncoding = 4; lastKnownFileType = sourcecode.c.objc; path = "UIImage+GIF.m"; sourceTree = "<group>"; };
		048791C41C0D681F00541BF4 /* UIImage+MultiFormat.h */ = {isa = PBXFileReference; fileEncoding = 4; lastKnownFileType = sourcecode.c.h; path = "UIImage+MultiFormat.h"; sourceTree = "<group>"; };
		048791C51C0D681F00541BF4 /* UIImage+MultiFormat.m */ = {isa = PBXFileReference; fileEncoding = 4; lastKnownFileType = sourcecode.c.objc; path = "UIImage+MultiFormat.m"; sourceTree = "<group>"; };
		048791C61C0D681F00541BF4 /* UIImage+WebP.h */ = {isa = PBXFileReference; fileEncoding = 4; lastKnownFileType = sourcecode.c.h; path = "UIImage+WebP.h"; sourceTree = "<group>"; };
		048791C71C0D681F00541BF4 /* UIImage+WebP.m */ = {isa = PBXFileReference; fileEncoding = 4; lastKnownFileType = sourcecode.c.objc; path = "UIImage+WebP.m"; sourceTree = "<group>"; };
		048791C81C0D681F00541BF4 /* UIImageView+HighlightedWebCache.h */ = {isa = PBXFileReference; fileEncoding = 4; lastKnownFileType = sourcecode.c.h; path = "UIImageView+HighlightedWebCache.h"; sourceTree = "<group>"; };
		048791C91C0D681F00541BF4 /* UIImageView+HighlightedWebCache.m */ = {isa = PBXFileReference; fileEncoding = 4; lastKnownFileType = sourcecode.c.objc; path = "UIImageView+HighlightedWebCache.m"; sourceTree = "<group>"; };
		048791CA1C0D681F00541BF4 /* UIImageView+WebCache.h */ = {isa = PBXFileReference; fileEncoding = 4; lastKnownFileType = sourcecode.c.h; path = "UIImageView+WebCache.h"; sourceTree = "<group>"; };
		048791CB1C0D681F00541BF4 /* UIImageView+WebCache.m */ = {isa = PBXFileReference; fileEncoding = 4; lastKnownFileType = sourcecode.c.objc; path = "UIImageView+WebCache.m"; sourceTree = "<group>"; };
		048791CC1C0D681F00541BF4 /* UIView+WebCacheOperation.h */ = {isa = PBXFileReference; fileEncoding = 4; lastKnownFileType = sourcecode.c.h; path = "UIView+WebCacheOperation.h"; sourceTree = "<group>"; };
		048791CD1C0D681F00541BF4 /* UIView+WebCacheOperation.m */ = {isa = PBXFileReference; fileEncoding = 4; lastKnownFileType = sourcecode.c.objc; path = "UIView+WebCacheOperation.m"; sourceTree = "<group>"; };
		04E509251C0D7B08003354B2 /* ZFShopTool.swift */ = {isa = PBXFileReference; fileEncoding = 4; lastKnownFileType = sourcecode.swift; path = ZFShopTool.swift; sourceTree = "<group>"; };
		04F749961BF8942C00FC09F1 /* ZFHomeMeunView.swift */ = {isa = PBXFileReference; fileEncoding = 4; lastKnownFileType = sourcecode.swift; path = ZFHomeMeunView.swift; sourceTree = "<group>"; };
/* End PBXFileReference section */

/* Begin PBXFrameworksBuildPhase section */
		0455A8E31BC7DA5C00347C39 /* Frameworks */ = {
			isa = PBXFrameworksBuildPhase;
			buildActionMask = 2147483647;
			files = (
				045909681BF9ADC500B6DAC2 /* UIKit.framework in Frameworks */,
				045909661BF9ADA700B6DAC2 /* CoreGraphics.framework in Frameworks */,
				045909641BF9AD9100B6DAC2 /* Foundation.framework in Frameworks */,
				04620B121BCD22BE00E27E77 /* libsqlite3.dylib in Frameworks */,
			);
			runOnlyForDeploymentPostprocessing = 0;
		};
		0455A8F81BC7DA5C00347C39 /* Frameworks */ = {
			isa = PBXFrameworksBuildPhase;
			buildActionMask = 2147483647;
			files = (
			);
			runOnlyForDeploymentPostprocessing = 0;
		};
/* End PBXFrameworksBuildPhase section */

/* Begin PBXGroup section */
		044D3F3B1BFF2B1700A3076E /* CultureTool */ = {
			isa = PBXGroup;
			children = (
			);
			path = CultureTool;
			sourceTree = "<group>";
		};
		0455A8DD1BC7DA5C00347C39 = {
			isa = PBXGroup;
			children = (
				04620B111BCD22BE00E27E77 /* libsqlite3.dylib */,
				0455A8E81BC7DA5C00347C39 /* ShopApp */,
				0455A8FE1BC7DA5C00347C39 /* ShopAppTests */,
				045909621BF9AD6E00B6DAC2 /* Frameworks */,
				0455A8E71BC7DA5C00347C39 /* Products */,
			);
			sourceTree = "<group>";
		};
		0455A8E71BC7DA5C00347C39 /* Products */ = {
			isa = PBXGroup;
			children = (
				0455A8E61BC7DA5C00347C39 /* ShopApp.app */,
				0455A8FB1BC7DA5C00347C39 /* ShopAppTests.xctest */,
			);
			name = Products;
			sourceTree = "<group>";
		};
		0455A8E81BC7DA5C00347C39 /* ShopApp */ = {
			isa = PBXGroup;
			children = (
				045DD83D1BF2CB6300CCEED7 /* Class(类) */,
				0455A8E91BC7DA5C00347C39 /* Supporting Files */,
			);
			path = ShopApp;
			sourceTree = "<group>";
		};
		0455A8E91BC7DA5C00347C39 /* Supporting Files */ = {
			isa = PBXGroup;
			children = (
				0455A8F21BC7DA5C00347C39 /* Images.xcassets */,
				0455A8EF1BC7DA5C00347C39 /* Main.storyboard */,
				0455A8F41BC7DA5C00347C39 /* LaunchScreen.xib */,
				0455A8EA1BC7DA5C00347C39 /* Info.plist */,
				0465293F1BEA0AE800CFA09D /* empRank.plist */,
				0459D40C1BF765F600D41FE6 /* setupContent.plist */,
				045ADACF1C01C84900A9E093 /* newFeature.plist */,
			);
			name = "Supporting Files";
			sourceTree = "<group>";
		};
		0455A8FE1BC7DA5C00347C39 /* ShopAppTests */ = {
			isa = PBXGroup;
			children = (
				0455A9011BC7DA5C00347C39 /* ShopAppTests.swift */,
				0455A8FF1BC7DA5C00347C39 /* Supporting Files */,
			);
			path = ShopAppTests;
			sourceTree = "<group>";
		};
		0455A8FF1BC7DA5C00347C39 /* Supporting Files */ = {
			isa = PBXGroup;
			children = (
				0455A9001BC7DA5C00347C39 /* Info.plist */,
			);
			name = "Supporting Files";
			sourceTree = "<group>";
		};
		045909491BF9AB1400B6DAC2 /* MJRefresh */ = {
			isa = PBXGroup;
			children = (
				0459094A1BF9AB1400B6DAC2 /* MJRefresh.bundle */,
				0459094B1BF9AB1400B6DAC2 /* MJRefresh.h */,
				0459094C1BF9AB1400B6DAC2 /* MJRefreshBaseView.h */,
				0459094D1BF9AB1400B6DAC2 /* MJRefreshBaseView.m */,
				0459094E1BF9AB1400B6DAC2 /* MJRefreshConst.h */,
				0459094F1BF9AB1400B6DAC2 /* MJRefreshConst.m */,
				045909501BF9AB1400B6DAC2 /* MJRefreshFooterView.h */,
				045909511BF9AB1400B6DAC2 /* MJRefreshFooterView.m */,
				045909521BF9AB1400B6DAC2 /* MJRefreshHeaderView.h */,
				045909531BF9AB1400B6DAC2 /* MJRefreshHeaderView.m */,
				045909541BF9AB1400B6DAC2 /* UIScrollView+MJExtension.h */,
				045909551BF9AB1400B6DAC2 /* UIScrollView+MJExtension.m */,
				045909561BF9AB1400B6DAC2 /* UIScrollView+MJRefresh.h */,
				045909571BF9AB1400B6DAC2 /* UIScrollView+MJRefresh.m */,
				045909581BF9AB1400B6DAC2 /* UIView+MJExtension.h */,
				045909591BF9AB1400B6DAC2 /* UIView+MJExtension.m */,
			);
			path = MJRefresh;
			sourceTree = "<group>";
		};
		045909621BF9AD6E00B6DAC2 /* Frameworks */ = {
			isa = PBXGroup;
			children = (
				045909671BF9ADC500B6DAC2 /* UIKit.framework */,
				045909651BF9ADA700B6DAC2 /* CoreGraphics.framework */,
				045909631BF9AD9100B6DAC2 /* Foundation.framework */,
			);
			name = Frameworks;
			sourceTree = "<group>";
		};
		045AAB3A1C16C904009CB302 /* TimeTool */ = {
			isa = PBXGroup;
			children = (
				045AAB3B1C16C926009CB302 /* ZFTimeTool.swift */,
			);
			path = TimeTool;
			sourceTree = "<group>";
		};
		045DD83D1BF2CB6300CCEED7 /* Class(类) */ = {
			isa = PBXGroup;
			children = (
				045DD86C1BF2CB6300CCEED7 /* Other(其他) */,
				045DD8521BF2CB6300CCEED7 /* Main(主要) */,
				045DD8471BF2CB6300CCEED7 /* Home(首页) */,
				045DD8971BF2CB6300CCEED7 /* Seat(座位) */,
				045DD8621BF2CB6300CCEED7 /* Order(订单) */,
				045DD83E1BF2CB6300CCEED7 /* Emp(员工) */,
			);
			path = "Class(类)";
			sourceTree = "<group>";
		};
		045DD83E1BF2CB6300CCEED7 /* Emp(员工) */ = {
			isa = PBXGroup;
			children = (
				045DD83F1BF2CB6300CCEED7 /* Controller */,
				045DD8411BF2CB6300CCEED7 /* Model */,
				045DD8431BF2CB6300CCEED7 /* View */,
			);
			path = "Emp(员工)";
			sourceTree = "<group>";
		};
		045DD83F1BF2CB6300CCEED7 /* Controller */ = {
			isa = PBXGroup;
			children = (
				045DD8401BF2CB6300CCEED7 /* ZFInformationViewController.swift */,
			);
			path = Controller;
			sourceTree = "<group>";
		};
		045DD8411BF2CB6300CCEED7 /* Model */ = {
			isa = PBXGroup;
			children = (
				045DD8421BF2CB6300CCEED7 /* ZFEmpModel.swift */,
				0459D40A1BF7652700D41FE6 /* ZFSetupContentModel.swift */,
			);
			path = Model;
			sourceTree = "<group>";
		};
		045DD8431BF2CB6300CCEED7 /* View */ = {
			isa = PBXGroup;
			children = (
				045DD8441BF2CB6300CCEED7 /* ZFEmpheaderView.swift */,
				045DD8451BF2CB6300CCEED7 /* ZFEmpViewCell.swift */,
				045DD8461BF2CB6300CCEED7 /* ZFStatView.swift */,
				0459D4081BF762C200D41FE6 /* ZFSetupContentView.swift */,
				0459D40E1BF768EA00D41FE6 /* ZFSetupContentCell.swift */,
				0459D4101BF7724B00D41FE6 /* ZFInformationView.swift */,
				045FD7A51BF8B97900E69411 /* ZFInformationSectionHeaderView.swift */,
				0457FF001C095402001C5C94 /* ZFAboutView.swift */,
			);
			path = View;
			sourceTree = "<group>";
		};
		045DD8471BF2CB6300CCEED7 /* Home(首页) */ = {
			isa = PBXGroup;
			children = (
				045DD8481BF2CB6300CCEED7 /* Controller */,
				045DD84B1BF2CB6300CCEED7 /* Model */,
				045DD84E1BF2CB6300CCEED7 /* View */,
			);
			path = "Home(首页)";
			sourceTree = "<group>";
		};
		045DD8481BF2CB6300CCEED7 /* Controller */ = {
			isa = PBXGroup;
			children = (
				045DD8491BF2CB6300CCEED7 /* ZFHomeViewController.swift */,
			);
			path = Controller;
			sourceTree = "<group>";
		};
		045DD84B1BF2CB6300CCEED7 /* Model */ = {
			isa = PBXGroup;
			children = (
				045DD84C1BF2CB6300CCEED7 /* ZFMenuContentModel.swift */,
				045DD84D1BF2CB6300CCEED7 /* ZFMenuTitleModel.swift */,
				044D3F3D1BFF2B9500A3076E /* ZFCultureModel.swift */,
			);
			path = Model;
			sourceTree = "<group>";
		};
		045DD84E1BF2CB6300CCEED7 /* View */ = {
			isa = PBXGroup;
			children = (
				04F749961BF8942C00FC09F1 /* ZFHomeMeunView.swift */,
				045DD84F1BF2CB6300CCEED7 /* ZFHomeHeaderView.swift */,
				045DD8501BF2CB6300CCEED7 /* ZFMenuContentTableViewCell.swift */,
				045DD8511BF2CB6300CCEED7 /* ZFSectionHeaderView.swift */,
				045C76031BF2D958007A2560 /* ZFShowMenuContentView.swift */,
			);
			path = View;
			sourceTree = "<group>";
		};
		045DD8521BF2CB6300CCEED7 /* Main(主要) */ = {
			isa = PBXGroup;
			children = (
				045DD8531BF2CB6300CCEED7 /* ClassAttri(成员属性) */,
				045DD8551BF2CB6300CCEED7 /* Controller */,
				045DD85A1BF2CB6300CCEED7 /* Model */,
				045DD85C1BF2CB6300CCEED7 /* View */,
			);
			path = "Main(主要)";
			sourceTree = "<group>";
		};
		045DD8531BF2CB6300CCEED7 /* ClassAttri(成员属性) */ = {
			isa = PBXGroup;
			children = (
				045DD8541BF2CB6300CCEED7 /* constant.swift */,
			);
			path = "ClassAttri(成员属性)";
			sourceTree = "<group>";
		};
		045DD8551BF2CB6300CCEED7 /* Controller */ = {
			isa = PBXGroup;
			children = (
				045ADAD11C01CC8B00A9E093 /* ZFNewFeatureViewController.swift */,
				045DD8561BF2CB6300CCEED7 /* ZFLoginViewController.swift */,
				045DD8571BF2CB6300CCEED7 /* ZFNavigationViewController.swift */,
				045DD8581BF2CB6300CCEED7 /* ZFRefreshControl.swift */,
				045DD8591BF2CB6300CCEED7 /* ZFTabBarViewController.swift */,
			);
			path = Controller;
			sourceTree = "<group>";
		};
		045DD85A1BF2CB6300CCEED7 /* Model */ = {
			isa = PBXGroup;
			children = (
				045DD85B1BF2CB6300CCEED7 /* ZFSaveEmpModel.swift */,
				04695DA21BF6F0FD00222EE1 /* ZFSaveLoginEmpModel.swift */,
			);
			path = Model;
			sourceTree = "<group>";
		};
		045DD85C1BF2CB6300CCEED7 /* View */ = {
			isa = PBXGroup;
			children = (
				045ADAD31C01CC9B00A9E093 /* ZFNewFeatureView.swift */,
				045909691BF9BA1300B6DAC2 /* ZFNavTitleView.swift */,
				045DD85D1BF2CB6300CCEED7 /* ZFHeaPortraitView.swift */,
				045DD85E1BF2CB6300CCEED7 /* ZFRatingStarView */,
				046073481BFC7E0200EEB0B2 /* ZFSearchBarView.swift */,
				0461E79A1C002D820071CA1C /* ZFLoadingView.swift */,
			);
			path = View;
			sourceTree = "<group>";
		};
		045DD85E1BF2CB6300CCEED7 /* ZFRatingStarView */ = {
			isa = PBXGroup;
			children = (
				045DD85F1BF2CB6300CCEED7 /* b27_icon_star_gray@2x.png */,
				045DD8601BF2CB6300CCEED7 /* b27_icon_star_yellow@2x.png */,
				045DD8611BF2CB6300CCEED7 /* ZFRatingStarView.swift */,
			);
			name = ZFRatingStarView;
			path = XQRatingStarView;
			sourceTree = "<group>";
		};
		045DD8621BF2CB6300CCEED7 /* Order(订单) */ = {
			isa = PBXGroup;
			children = (
				045DD8631BF2CB6300CCEED7 /* Controller */,
				045DD8661BF2CB6300CCEED7 /* Model */,
				045DD8681BF2CB6300CCEED7 /* View */,
			);
			path = "Order(订单)";
			sourceTree = "<group>";
		};
		045DD8631BF2CB6300CCEED7 /* Controller */ = {
			isa = PBXGroup;
			children = (
				045DD8641BF2CB6300CCEED7 /* ZFOrderViewController.swift */,
				045DD8651BF2CB6300CCEED7 /* ZFShowEvenAnyOrderController.swift */,
			);
			path = Controller;
			sourceTree = "<group>";
		};
		045DD8661BF2CB6300CCEED7 /* Model */ = {
			isa = PBXGroup;
			children = (
				045DD8671BF2CB6300CCEED7 /* ZFOrdersModel.swift */,
			);
			path = Model;
			sourceTree = "<group>";
		};
		045DD8681BF2CB6300CCEED7 /* View */ = {
			isa = PBXGroup;
			children = (
				045DD8691BF2CB6300CCEED7 /* ZFOrderContentCell.swift */,
				045DD86A1BF2CB6300CCEED7 /* ZFOrderTableViewCell.swift */,
				045DD86B1BF2CB6300CCEED7 /* ZFShowEvenOrderSectionHearderView.swift */,
				0444BF651C16DE8C0021BED8 /* ZFPromoptView.swift */,
			);
			path = View;
			sourceTree = "<group>";
		};
		045DD86C1BF2CB6300CCEED7 /* Other(其他) */ = {
			isa = PBXGroup;
			children = (
				045DD86D1BF2CB6300CCEED7 /* AppDelegate.swift */,
				045DD8851BF2CB6300CCEED7 /* ShopApp-Bridging-Header.h */,
				048791AC1C0D681F00541BF4 /* SDWebImage */,
				0461E78D1C002CE10071CA1C /* ActivityIndicatorView */,
				045909491BF9AB1400B6DAC2 /* MJRefresh */,
				045DD86E1BF2CB6300CCEED7 /* Controller */,
				045DD86F1BF2CB6300CCEED7 /* Extension */,
				045DD8761BF2CB6300CCEED7 /* FMDatabaseQueue */,
				045DD8781BF2CB6300CCEED7 /* fmdb */,
				045DD8841BF2CB6300CCEED7 /* Model */,
				045DD8861BF2CB6300CCEED7 /* Tools */,
				045DD8961BF2CB6300CCEED7 /* View */,
			);
			path = "Other(其他)";
			sourceTree = "<group>";
		};
		045DD86E1BF2CB6300CCEED7 /* Controller */ = {
			isa = PBXGroup;
			children = (
			);
			path = Controller;
			sourceTree = "<group>";
		};
		045DD86F1BF2CB6300CCEED7 /* Extension */ = {
			isa = PBXGroup;
			children = (
				045DD8701BF2CB6300CCEED7 /* CGPoint_Extension.swift */,
				045DD8711BF2CB6300CCEED7 /* NSString-Extension.swift */,
				045DD8721BF2CB6300CCEED7 /* UIImage-Extension.swift */,
				045DD8731BF2CB6300CCEED7 /* UILabel_Extension.swift */,
				045DD8741BF2CB6300CCEED7 /* UIView_Extension.swift */,
				045DD8751BF2CB6300CCEED7 /* UIViewcontroller_Extension.swift */,
				045AAB381C16AE64009CB302 /* NSDate_Extension.swift */,
			);
			path = Extension;
			sourceTree = "<group>";
		};
		045DD8761BF2CB6300CCEED7 /* FMDatabaseQueue */ = {
			isa = PBXGroup;
			children = (
				045DD8771BF2CB6300CCEED7 /* ZFFMDatabaseQueue.swift */,
			);
			path = FMDatabaseQueue;
			sourceTree = "<group>";
		};
		045DD8781BF2CB6300CCEED7 /* fmdb */ = {
			isa = PBXGroup;
			children = (
				045DD8791BF2CB6300CCEED7 /* FMDatabase.h */,
				045DD87A1BF2CB6300CCEED7 /* FMDatabase.m */,
				045DD87B1BF2CB6300CCEED7 /* FMDatabaseAdditions.h */,
				045DD87C1BF2CB6300CCEED7 /* FMDatabaseAdditions.m */,
				045DD87D1BF2CB6300CCEED7 /* FMDatabasePool.h */,
				045DD87E1BF2CB6300CCEED7 /* FMDatabasePool.m */,
				045DD87F1BF2CB6300CCEED7 /* FMDatabaseQueue.h */,
				045DD8801BF2CB6300CCEED7 /* FMDatabaseQueue.m */,
				045DD8811BF2CB6300CCEED7 /* FMDB.h */,
				045DD8821BF2CB6300CCEED7 /* FMResultSet.h */,
				045DD8831BF2CB6300CCEED7 /* FMResultSet.m */,
			);
			path = fmdb;
			sourceTree = "<group>";
		};
		045DD8841BF2CB6300CCEED7 /* Model */ = {
			isa = PBXGroup;
			children = (
			);
			path = Model;
			sourceTree = "<group>";
		};
		045DD8861BF2CB6300CCEED7 /* Tools */ = {
			isa = PBXGroup;
			children = (
				045AAB3A1C16C904009CB302 /* TimeTool */,
				04E509241C0D7ACF003354B2 /* ShopTool */,
				044D3F3B1BFF2B1700A3076E /* CultureTool */,
				045DD8871BF2CB6300CCEED7 /* DBTool */,
				045DD88B1BF2CB6300CCEED7 /* FileTool */,
				045DD88D1BF2CB6300CCEED7 /* HttpTool */,
				045DD8931BF2CB6300CCEED7 /* SqliteTool */,
			);
			path = Tools;
			sourceTree = "<group>";
		};
		045DD8871BF2CB6300CCEED7 /* DBTool */ = {
			isa = PBXGroup;
			children = (
				045DD8881BF2CB6300CCEED7 /* ZFMenuContentDBTool.swift */,
				045DD8891BF2CB6300CCEED7 /* ZFMenuTitleDBTool.swift */,
				045DD88A1BF2CB6300CCEED7 /* ZFSeatDBTool.swift */,
			);
			path = DBTool;
			sourceTree = "<group>";
		};
		045DD88B1BF2CB6300CCEED7 /* FileTool */ = {
			isa = PBXGroup;
			children = (
				045DD88C1BF2CB6300CCEED7 /* ZFEmpTool.swift */,
			);
			path = FileTool;
			sourceTree = "<group>";
		};
		045DD88D1BF2CB6300CCEED7 /* HttpTool */ = {
			isa = PBXGroup;
			children = (
				045DD88E1BF2CB6300CCEED7 /* ZFAsynHttp.swift */,
				045DD88F1BF2CB6300CCEED7 /* ZFEmpHttp.swift */,
				045DD8901BF2CB6300CCEED7 /* ZFGetMenuHttp.swift */,
				045DD8911BF2CB6300CCEED7 /* ZFOrderHttp.swift */,
				045DD8921BF2CB6300CCEED7 /* ZFSeatHttp.swift */,
				044D3F411BFF2D7D00A3076E /* ZFCultureHttp.swift */,
			);
			path = HttpTool;
			sourceTree = "<group>";
		};
		045DD8931BF2CB6300CCEED7 /* SqliteTool */ = {
			isa = PBXGroup;
			children = (
				045DD8941BF2CB6300CCEED7 /* ZFMenuSqlite.swift */,
				045DD8951BF2CB6300CCEED7 /* ZFOrderSqlite.swift */,
			);
			path = SqliteTool;
			sourceTree = "<group>";
		};
		045DD8961BF2CB6300CCEED7 /* View */ = {
			isa = PBXGroup;
			children = (
			);
			path = View;
			sourceTree = "<group>";
		};
		045DD8971BF2CB6300CCEED7 /* Seat(座位) */ = {
			isa = PBXGroup;
			children = (
				045DD8981BF2CB6300CCEED7 /* Controller */,
				045DD89C1BF2CB6300CCEED7 /* Model */,
				045DD8A01BF2CB6300CCEED7 /* View */,
			);
			path = "Seat(座位)";
			sourceTree = "<group>";
		};
		045DD8981BF2CB6300CCEED7 /* Controller */ = {
			isa = PBXGroup;
			children = (
				045DD8991BF2CB6300CCEED7 /* ZFRatingStarViewController.swift */,
				045DD89A1BF2CB6300CCEED7 /* ZFSeatCollectionViewController.swift */,
				045DD89B1BF2CB6300CCEED7 /* ZFSinglePointViewController.swift */,
			);
			path = Controller;
			sourceTree = "<group>";
		};
		045DD89C1BF2CB6300CCEED7 /* Model */ = {
			isa = PBXGroup;
			children = (
				045DD89D1BF2CB6300CCEED7 /* ZFEmpRankImageModel.swift */,
				045DD89E1BF2CB6300CCEED7 /* ZFOrderContentModel.swift */,
				045DD89F1BF2CB6300CCEED7 /* ZFSeatModel.swift */,
			);
			path = Model;
			sourceTree = "<group>";
		};
		045DD8A01BF2CB6300CCEED7 /* View */ = {
			isa = PBXGroup;
			children = (
				045DD8A11BF2CB6300CCEED7 /* RatingStar */,
				045DD8A31BF2CB6300CCEED7 /* ShopCar */,
				045DD8AA1BF2CB6300CCEED7 /* SinglePoint */,
				045DD8AF1BF2CB6300CCEED7 /* ZFSeatCollectionViewCell.swift */,
				0460734A1BFC85A400EEB0B2 /* ZFShowSearchResultView.swift */,
			);
			path = View;
			sourceTree = "<group>";
		};
		045DD8A11BF2CB6300CCEED7 /* RatingStar */ = {
			isa = PBXGroup;
			children = (
				045DD8A21BF2CB6300CCEED7 /* ZFRatingStarAlertView.swift */,
			);
			path = RatingStar;
			sourceTree = "<group>";
		};
		045DD8A31BF2CB6300CCEED7 /* ShopCar */ = {
			isa = PBXGroup;
			children = (
				045DD8A41BF2CB6300CCEED7 /* ZFShopCarFooterView.swift */,
				045DD8A51BF2CB6300CCEED7 /* ZFShopCarHeaderView.swift */,
				045DD8A61BF2CB6300CCEED7 /* ZFShoppingCartBtn.swift */,
				04695DA01BF6DEF700222EE1 /* ZFBadgeValueBtn.swift */,
				045DD8A71BF2CB6300CCEED7 /* ZFShoppingCartShowMenuContentCell.swift */,
				045DD8A81BF2CB6300CCEED7 /* ZFShoppingCartShowMenuContentView.swift */,
				045DD8A91BF2CB6300CCEED7 /* ZFShoppingCarView.swift */,
			);
			path = ShopCar;
			sourceTree = "<group>";
		};
		045DD8AA1BF2CB6300CCEED7 /* SinglePoint */ = {
			isa = PBXGroup;
			children = (
				045DD8AB1BF2CB6300CCEED7 /* ZFMenuContentCell.swift */,
				045DD8AC1BF2CB6300CCEED7 /* ZFMenuContentView.swift */,
				045DD8AD1BF2CB6300CCEED7 /* ZFMenuTitlelCell.swift */,
				045DD8AE1BF2CB6300CCEED7 /* ZFMenuTitlelView.swift */,
			);
			path = SinglePoint;
			sourceTree = "<group>";
		};
		0461E78D1C002CE10071CA1C /* ActivityIndicatorView */ = {
			isa = PBXGroup;
			children = (
				0461E78E1C002CE10071CA1C /* ZFCDoubleBounceActivityIndicatorView.h */,
				0461E78F1C002CE10071CA1C /* ZFCDoubleBounceActivityIndicatorView.m */,
				0461E7901C002CE10071CA1C /* ZFCRotatingPlaneActivityIndicatorView.h */,
				0461E7911C002CE10071CA1C /* ZFCRotatingPlaneActivityIndicatorView.m */,
				0461E7921C002CE10071CA1C /* ZFCWanderingCubesActivityIndicatorView.h */,
				0461E7931C002CE10071CA1C /* ZFCWanderingCubesActivityIndicatorView.m */,
				0461E7941C002CE10071CA1C /* ZFCWaveActivityIndicatorView.h */,
				0461E7951C002CE10071CA1C /* ZFCWaveActivityIndicatorView.m */,
			);
			path = ActivityIndicatorView;
			sourceTree = "<group>";
		};
		048791AC1C0D681F00541BF4 /* SDWebImage */ = {
			isa = PBXGroup;
			children = (
				048791AD1C0D681F00541BF4 /* MKAnnotationView+WebCache.h */,
				048791AE1C0D681F00541BF4 /* MKAnnotationView+WebCache.m */,
				048791AF1C0D681F00541BF4 /* NSData+ImageContentType.h */,
				048791B01C0D681F00541BF4 /* NSData+ImageContentType.m */,
				048791B11C0D681F00541BF4 /* SDImageCache.h */,
				048791B21C0D681F00541BF4 /* SDImageCache.m */,
				048791B31C0D681F00541BF4 /* SDWebImageCompat.h */,
				048791B41C0D681F00541BF4 /* SDWebImageCompat.m */,
				048791B51C0D681F00541BF4 /* SDWebImageDecoder.h */,
				048791B61C0D681F00541BF4 /* SDWebImageDecoder.m */,
				048791B71C0D681F00541BF4 /* SDWebImageDownloader.h */,
				048791B81C0D681F00541BF4 /* SDWebImageDownloader.m */,
				048791B91C0D681F00541BF4 /* SDWebImageDownloaderOperation.h */,
				048791BA1C0D681F00541BF4 /* SDWebImageDownloaderOperation.m */,
				048791BB1C0D681F00541BF4 /* SDWebImageManager.h */,
				048791BC1C0D681F00541BF4 /* SDWebImageManager.m */,
				048791BD1C0D681F00541BF4 /* SDWebImageOperation.h */,
				048791BE1C0D681F00541BF4 /* SDWebImagePrefetcher.h */,
				048791BF1C0D681F00541BF4 /* SDWebImagePrefetcher.m */,
				048791C01C0D681F00541BF4 /* UIButton+WebCache.h */,
				048791C11C0D681F00541BF4 /* UIButton+WebCache.m */,
				048791C21C0D681F00541BF4 /* UIImage+GIF.h */,
				048791C31C0D681F00541BF4 /* UIImage+GIF.m */,
				048791C41C0D681F00541BF4 /* UIImage+MultiFormat.h */,
				048791C51C0D681F00541BF4 /* UIImage+MultiFormat.m */,
				048791C61C0D681F00541BF4 /* UIImage+WebP.h */,
				048791C71C0D681F00541BF4 /* UIImage+WebP.m */,
				048791C81C0D681F00541BF4 /* UIImageView+HighlightedWebCache.h */,
				048791C91C0D681F00541BF4 /* UIImageView+HighlightedWebCache.m */,
				048791CA1C0D681F00541BF4 /* UIImageView+WebCache.h */,
				048791CB1C0D681F00541BF4 /* UIImageView+WebCache.m */,
				048791CC1C0D681F00541BF4 /* UIView+WebCacheOperation.h */,
				048791CD1C0D681F00541BF4 /* UIView+WebCacheOperation.m */,
			);
			path = SDWebImage;
			sourceTree = "<group>";
		};
		04E509241C0D7ACF003354B2 /* ShopTool */ = {
			isa = PBXGroup;
			children = (
				04E509251C0D7B08003354B2 /* ZFShopTool.swift */,
			);
			name = ShopTool;
			sourceTree = "<group>";
		};
/* End PBXGroup section */

/* Begin PBXNativeTarget section */
		0455A8E51BC7DA5C00347C39 /* ShopApp */ = {
			isa = PBXNativeTarget;
			buildConfigurationList = 0455A9051BC7DA5C00347C39 /* Build configuration list for PBXNativeTarget "ShopApp" */;
			buildPhases = (
				0455A8E21BC7DA5C00347C39 /* Sources */,
				0455A8E31BC7DA5C00347C39 /* Frameworks */,
				0455A8E41BC7DA5C00347C39 /* Resources */,
			);
			buildRules = (
			);
			dependencies = (
			);
			name = ShopApp;
			productName = ShopApp;
			productReference = 0455A8E61BC7DA5C00347C39 /* ShopApp.app */;
			productType = "com.apple.product-type.application";
		};
		0455A8FA1BC7DA5C00347C39 /* ShopAppTests */ = {
			isa = PBXNativeTarget;
			buildConfigurationList = 0455A9081BC7DA5C00347C39 /* Build configuration list for PBXNativeTarget "ShopAppTests" */;
			buildPhases = (
				0455A8F71BC7DA5C00347C39 /* Sources */,
				0455A8F81BC7DA5C00347C39 /* Frameworks */,
				0455A8F91BC7DA5C00347C39 /* Resources */,
			);
			buildRules = (
			);
			dependencies = (
				0455A8FD1BC7DA5C00347C39 /* PBXTargetDependency */,
			);
			name = ShopAppTests;
			productName = ShopAppTests;
			productReference = 0455A8FB1BC7DA5C00347C39 /* ShopAppTests.xctest */;
			productType = "com.apple.product-type.bundle.unit-test";
		};
/* End PBXNativeTarget section */

/* Begin PBXProject section */
		0455A8DE1BC7DA5C00347C39 /* Project object */ = {
			isa = PBXProject;
			attributes = {
				CLASSPREFIX = XQ;
				LastUpgradeCheck = 0630;
				ORGANIZATIONNAME = mac;
				TargetAttributes = {
					0455A8E51BC7DA5C00347C39 = {
						CreatedOnToolsVersion = 6.3.1;
					};
					0455A8FA1BC7DA5C00347C39 = {
						CreatedOnToolsVersion = 6.3.1;
						TestTargetID = 0455A8E51BC7DA5C00347C39;
					};
				};
			};
			buildConfigurationList = 0455A8E11BC7DA5C00347C39 /* Build configuration list for PBXProject "ShopApp" */;
			compatibilityVersion = "Xcode 3.2";
			developmentRegion = English;
			hasScannedForEncodings = 0;
			knownRegions = (
				en,
				Base,
			);
			mainGroup = 0455A8DD1BC7DA5C00347C39;
			productRefGroup = 0455A8E71BC7DA5C00347C39 /* Products */;
			projectDirPath = "";
			projectRoot = "";
			targets = (
				0455A8E51BC7DA5C00347C39 /* ShopApp */,
				0455A8FA1BC7DA5C00347C39 /* ShopAppTests */,
			);
		};
/* End PBXProject section */

/* Begin PBXResourcesBuildPhase section */
		0455A8E41BC7DA5C00347C39 /* Resources */ = {
			isa = PBXResourcesBuildPhase;
			buildActionMask = 2147483647;
			files = (
				0455A8F11BC7DA5C00347C39 /* Main.storyboard in Resources */,
				0455A8F61BC7DA5C00347C39 /* LaunchScreen.xib in Resources */,
				045DD8C31BF2CB6300CCEED7 /* b27_icon_star_gray@2x.png in Resources */,
				0455A8F31BC7DA5C00347C39 /* Images.xcassets in Resources */,
				046529401BEA0AE800CFA09D /* empRank.plist in Resources */,
				045ADAD01C01C84900A9E093 /* newFeature.plist in Resources */,
				045DD8C41BF2CB6300CCEED7 /* b27_icon_star_yellow@2x.png in Resources */,
				0459095A1BF9AB1400B6DAC2 /* MJRefresh.bundle in Resources */,
				0459D40D1BF765F600D41FE6 /* setupContent.plist in Resources */,
			);
			runOnlyForDeploymentPostprocessing = 0;
		};
		0455A8F91BC7DA5C00347C39 /* Resources */ = {
			isa = PBXResourcesBuildPhase;
			buildActionMask = 2147483647;
			files = (
			);
			runOnlyForDeploymentPostprocessing = 0;
		};
/* End PBXResourcesBuildPhase section */

/* Begin PBXSourcesBuildPhase section */
		0455A8E21BC7DA5C00347C39 /* Sources */ = {
			isa = PBXSourcesBuildPhase;
			buildActionMask = 2147483647;
			files = (
				0459095F1BF9AB1400B6DAC2 /* UIScrollView+MJExtension.m in Sources */,
				045DD8C81BF2CB6300CCEED7 /* ZFOrdersModel.swift in Sources */,
				045DD8E11BF2CB6300CCEED7 /* ZFSeatHttp.swift in Sources */,
				048791D21C0D681F00541BF4 /* SDWebImageDecoder.m in Sources */,
				048791CE1C0D681F00541BF4 /* MKAnnotationView+WebCache.m in Sources */,
				045DD8F21BF2CB6300CCEED7 /* ZFMenuContentView.swift in Sources */,
				045DD8C11BF2CB6300CCEED7 /* ZFSaveEmpModel.swift in Sources */,
				045DD8E21BF2CB6300CCEED7 /* ZFMenuSqlite.swift in Sources */,
				045DD8F01BF2CB6300CCEED7 /* ZFShoppingCarView.swift in Sources */,
				046073491BFC7E0200EEB0B2 /* ZFSearchBarView.swift in Sources */,
				045DD8B51BF2CB6300CCEED7 /* ZFHomeViewController.swift in Sources */,
				045DD8ED1BF2CB6300CCEED7 /* ZFShoppingCartBtn.swift in Sources */,
				0461E7961C002CE10071CA1C /* ZFCDoubleBounceActivityIndicatorView.m in Sources */,
				0457FF011C095402001C5C94 /* ZFAboutView.swift in Sources */,
				048791D41C0D681F00541BF4 /* SDWebImageDownloaderOperation.m in Sources */,
				0459D40B1BF7652700D41FE6 /* ZFSetupContentModel.swift in Sources */,
				045DD8D41BF2CB6300CCEED7 /* FMDatabase.m in Sources */,
				045DD8E01BF2CB6300CCEED7 /* ZFOrderHttp.swift in Sources */,
				045DD8CB1BF2CB6300CCEED7 /* ZFShowEvenOrderSectionHearderView.swift in Sources */,
				045DD8C91BF2CB6300CCEED7 /* ZFOrderContentCell.swift in Sources */,
				045DD8F11BF2CB6300CCEED7 /* ZFMenuContentCell.swift in Sources */,
				045DD8D81BF2CB6300CCEED7 /* FMResultSet.m in Sources */,
				045DD8DB1BF2CB6300CCEED7 /* ZFSeatDBTool.swift in Sources */,
				045DD8E91BF2CB6300CCEED7 /* ZFSeatModel.swift in Sources */,
				044D3F421BFF2D7D00A3076E /* ZFCultureHttp.swift in Sources */,
				0459095B1BF9AB1400B6DAC2 /* MJRefreshBaseView.m in Sources */,
				045ADAD41C01CC9B00A9E093 /* ZFNewFeatureView.swift in Sources */,
				045DD8B31BF2CB6300CCEED7 /* ZFEmpViewCell.swift in Sources */,
				048791DB1C0D681F00541BF4 /* UIImageView+HighlightedWebCache.m in Sources */,
				045DD8D11BF2CB6300CCEED7 /* UIView_Extension.swift in Sources */,
				045DD8DF1BF2CB6300CCEED7 /* ZFGetMenuHttp.swift in Sources */,
				04695DA11BF6DEF700222EE1 /* ZFBadgeValueBtn.swift in Sources */,
				045DD8B21BF2CB6300CCEED7 /* ZFEmpheaderView.swift in Sources */,
				045DD8DD1BF2CB6300CCEED7 /* ZFAsynHttp.swift in Sources */,
				0461E7991C002CE10071CA1C /* ZFCWaveActivityIndicatorView.m in Sources */,
				04695DA31BF6F0FD00222EE1 /* ZFSaveLoginEmpModel.swift in Sources */,
				045DD8DC1BF2CB6300CCEED7 /* ZFEmpTool.swift in Sources */,
				048791D61C0D681F00541BF4 /* SDWebImagePrefetcher.m in Sources */,
				048791D81C0D681F00541BF4 /* UIImage+GIF.m in Sources */,
				0459095E1BF9AB1400B6DAC2 /* MJRefreshHeaderView.m in Sources */,
				0459095C1BF9AB1400B6DAC2 /* MJRefreshConst.m in Sources */,
				045DD8D71BF2CB6300CCEED7 /* FMDatabaseQueue.m in Sources */,
				045AAB391C16AE64009CB302 /* NSDate_Extension.swift in Sources */,
				045DD8D31BF2CB6300CCEED7 /* ZFFMDatabaseQueue.swift in Sources */,
				045DD8CE1BF2CB6300CCEED7 /* NSString-Extension.swift in Sources */,
				045AAB3C1C16C926009CB302 /* ZFTimeTool.swift in Sources */,
				045DD8BA1BF2CB6300CCEED7 /* ZFMenuContentTableViewCell.swift in Sources */,
				045DD8F51BF2CB6300CCEED7 /* ZFSeatCollectionViewCell.swift in Sources */,
				045DD8F41BF2CB6300CCEED7 /* ZFMenuTitlelView.swift in Sources */,
				0461E79B1C002D820071CA1C /* ZFLoadingView.swift in Sources */,
				045DD8B91BF2CB6300CCEED7 /* ZFHomeHeaderView.swift in Sources */,
				045DD8C01BF2CB6300CCEED7 /* ZFTabBarViewController.swift in Sources */,
				048791D31C0D681F00541BF4 /* SDWebImageDownloader.m in Sources */,
				045DD8C71BF2CB6300CCEED7 /* ZFShowEvenAnyOrderController.swift in Sources */,
				045DD8D91BF2CB6300CCEED7 /* ZFMenuContentDBTool.swift in Sources */,
				044D3F3E1BFF2B9500A3076E /* ZFCultureModel.swift in Sources */,
				045DD8EF1BF2CB6300CCEED7 /* ZFShoppingCartShowMenuContentView.swift in Sources */,
				045DD8BE1BF2CB6300CCEED7 /* ZFNavigationViewController.swift in Sources */,
				048791DA1C0D681F00541BF4 /* UIImage+WebP.m in Sources */,
				0444BF661C16DE8C0021BED8 /* ZFPromoptView.swift in Sources */,
				045DD8D21BF2CB6300CCEED7 /* UIViewcontroller_Extension.swift in Sources */,
				0461E7971C002CE10071CA1C /* ZFCRotatingPlaneActivityIndicatorView.m in Sources */,
				0459096A1BF9BA1300B6DAC2 /* ZFNavTitleView.swift in Sources */,
				045DD8BD1BF2CB6300CCEED7 /* ZFLoginViewController.swift in Sources */,
				048791D51C0D681F00541BF4 /* SDWebImageManager.m in Sources */,
				045DD8E51BF2CB6300CCEED7 /* ZFSeatCollectionViewController.swift in Sources */,
				045DD8B01BF2CB6300CCEED7 /* ZFInformationViewController.swift in Sources */,
				045DD8E81BF2CB6300CCEED7 /* ZFOrderContentModel.swift in Sources */,
				048791D11C0D681F00541BF4 /* SDWebImageCompat.m in Sources */,
				045DD8CD1BF2CB6300CCEED7 /* CGPoint_Extension.swift in Sources */,
				045DD8CA1BF2CB6300CCEED7 /* ZFOrderTableViewCell.swift in Sources */,
				045DD8B81BF2CB6300CCEED7 /* ZFMenuTitleModel.swift in Sources */,
				048791CF1C0D681F00541BF4 /* NSData+ImageContentType.m in Sources */,
				04F749971BF8942C00FC09F1 /* ZFHomeMeunView.swift in Sources */,
				0459D40F1BF768EA00D41FE6 /* ZFSetupContentCell.swift in Sources */,
				045DD8EB1BF2CB6300CCEED7 /* ZFShopCarFooterView.swift in Sources */,
				045DD8C21BF2CB6300CCEED7 /* ZFHeaPortraitView.swift in Sources */,
				045DD8E41BF2CB6300CCEED7 /* ZFRatingStarViewController.swift in Sources */,
				045DD8EC1BF2CB6300CCEED7 /* ZFShopCarHeaderView.swift in Sources */,
				045FD7A61BF8B97900E69411 /* ZFInformationSectionHeaderView.swift in Sources */,
				045DD8D51BF2CB6300CCEED7 /* FMDatabaseAdditions.m in Sources */,
				0459D4091BF762C200D41FE6 /* ZFSetupContentView.swift in Sources */,
				045DD8CF1BF2CB6300CCEED7 /* UIImage-Extension.swift in Sources */,
				048791D71C0D681F00541BF4 /* UIButton+WebCache.m in Sources */,
				045DD8E31BF2CB6300CCEED7 /* ZFOrderSqlite.swift in Sources */,
				045DD8EE1BF2CB6300CCEED7 /* ZFShoppingCartShowMenuContentCell.swift in Sources */,
				048791D01C0D681F00541BF4 /* SDImageCache.m in Sources */,
				045DD8C51BF2CB6300CCEED7 /* ZFRatingStarView.swift in Sources */,
				045DD8BF1BF2CB6300CCEED7 /* ZFRefreshControl.swift in Sources */,
				048791DC1C0D681F00541BF4 /* UIImageView+WebCache.m in Sources */,
				045DD8B71BF2CB6300CCEED7 /* ZFMenuContentModel.swift in Sources */,
				045DD8D01BF2CB6300CCEED7 /* UILabel_Extension.swift in Sources */,
				045DD8CC1BF2CB6300CCEED7 /* AppDelegate.swift in Sources */,
				045DD8B11BF2CB6300CCEED7 /* ZFEmpModel.swift in Sources */,
				048791D91C0D681F00541BF4 /* UIImage+MultiFormat.m in Sources */,
				045DD8C61BF2CB6300CCEED7 /* ZFOrderViewController.swift in Sources */,
				045909611BF9AB1400B6DAC2 /* UIView+MJExtension.m in Sources */,
				045DD8E61BF2CB6300CCEED7 /* ZFSinglePointViewController.swift in Sources */,
				045ADAD21C01CC8B00A9E093 /* ZFNewFeatureViewController.swift in Sources */,
				045DD8EA1BF2CB6300CCEED7 /* ZFRatingStarAlertView.swift in Sources */,
				045DD8DA1BF2CB6300CCEED7 /* ZFMenuTitleDBTool.swift in Sources */,
				0459095D1BF9AB1400B6DAC2 /* MJRefreshFooterView.m in Sources */,
				045909601BF9AB1400B6DAC2 /* UIScrollView+MJRefresh.m in Sources */,
				045DD8BC1BF2CB6300CCEED7 /* constant.swift in Sources */,
				0460734B1BFC85A400EEB0B2 /* ZFShowSearchResultView.swift in Sources */,
				0459D4111BF7724B00D41FE6 /* ZFInformationView.swift in Sources */,
				045DD8DE1BF2CB6300CCEED7 /* ZFEmpHttp.swift in Sources */,
				045DD8BB1BF2CB6300CCEED7 /* ZFSectionHeaderView.swift in Sources */,
				0461E7981C002CE10071CA1C /* ZFCWanderingCubesActivityIndicatorView.m in Sources */,
				045DD8E71BF2CB6300CCEED7 /* ZFEmpRankImageModel.swift in Sources */,
				045C76041BF2D958007A2560 /* ZFShowMenuContentView.swift in Sources */,
				048791DD1C0D681F00541BF4 /* UIView+WebCacheOperation.m in Sources */,
				045DD8B41BF2CB6300CCEED7 /* ZFStatView.swift in Sources */,
				045DD8D61BF2CB6300CCEED7 /* FMDatabasePool.m in Sources */,
				045DD8F31BF2CB6300CCEED7 /* ZFMenuTitlelCell.swift in Sources */,
				04E509261C0D7B08003354B2 /* ZFShopTool.swift in Sources */,
			);
			runOnlyForDeploymentPostprocessing = 0;
		};
		0455A8F71BC7DA5C00347C39 /* Sources */ = {
			isa = PBXSourcesBuildPhase;
			buildActionMask = 2147483647;
			files = (
				0455A9021BC7DA5C00347C39 /* ShopAppTests.swift in Sources */,
			);
			runOnlyForDeploymentPostprocessing = 0;
		};
/* End PBXSourcesBuildPhase section */

/* Begin PBXTargetDependency section */
		0455A8FD1BC7DA5C00347C39 /* PBXTargetDependency */ = {
			isa = PBXTargetDependency;
			target = 0455A8E51BC7DA5C00347C39 /* ShopApp */;
			targetProxy = 0455A8FC1BC7DA5C00347C39 /* PBXContainerItemProxy */;
		};
/* End PBXTargetDependency section */

/* Begin PBXVariantGroup section */
		0455A8EF1BC7DA5C00347C39 /* Main.storyboard */ = {
			isa = PBXVariantGroup;
			children = (
				0455A8F01BC7DA5C00347C39 /* Base */,
			);
			name = Main.storyboard;
			sourceTree = "<group>";
		};
		0455A8F41BC7DA5C00347C39 /* LaunchScreen.xib */ = {
			isa = PBXVariantGroup;
			children = (
				0455A8F51BC7DA5C00347C39 /* Base */,
			);
			name = LaunchScreen.xib;
			sourceTree = "<group>";
		};
/* End PBXVariantGroup section */

/* Begin XCBuildConfiguration section */
		0455A9031BC7DA5C00347C39 /* Debug */ = {
			isa = XCBuildConfiguration;
			buildSettings = {
				ALWAYS_SEARCH_USER_PATHS = NO;
				CLANG_CXX_LANGUAGE_STANDARD = "gnu++0x";
				CLANG_CXX_LIBRARY = "libc++";
				CLANG_ENABLE_MODULES = YES;
				CLANG_ENABLE_OBJC_ARC = YES;
				CLANG_WARN_BOOL_CONVERSION = YES;
				CLANG_WARN_CONSTANT_CONVERSION = YES;
				CLANG_WARN_DIRECT_OBJC_ISA_USAGE = YES_ERROR;
				CLANG_WARN_EMPTY_BODY = YES;
				CLANG_WARN_ENUM_CONVERSION = YES;
				CLANG_WARN_INT_CONVERSION = YES;
				CLANG_WARN_OBJC_ROOT_CLASS = YES_ERROR;
				CLANG_WARN_UNREACHABLE_CODE = YES;
				CLANG_WARN__DUPLICATE_METHOD_MATCH = YES;
				CODE_SIGN_IDENTITY = "iPhone Developer: yao pei (EQF5P8YG2F)";
				"CODE_SIGN_IDENTITY[sdk=iphoneos*]" = "iPhone Developer: yao pei (EQF5P8YG2F)";
				COPY_PHASE_STRIP = NO;
				DEBUG_INFORMATION_FORMAT = "dwarf-with-dsym";
				ENABLE_STRICT_OBJC_MSGSEND = NO;
				GCC_C_LANGUAGE_STANDARD = gnu99;
				GCC_DYNAMIC_NO_PIC = NO;
				GCC_NO_COMMON_BLOCKS = YES;
				GCC_OPTIMIZATION_LEVEL = 0;
				GCC_PREPROCESSOR_DEFINITIONS = (
					"DEBUG=1",
					"$(inherited)",
				);
				GCC_SYMBOLS_PRIVATE_EXTERN = NO;
				GCC_WARN_64_TO_32_BIT_CONVERSION = YES;
				GCC_WARN_ABOUT_RETURN_TYPE = YES_ERROR;
				GCC_WARN_UNDECLARED_SELECTOR = YES;
				GCC_WARN_UNINITIALIZED_AUTOS = YES_AGGRESSIVE;
				GCC_WARN_UNUSED_FUNCTION = YES;
				GCC_WARN_UNUSED_VARIABLE = YES;
				IPHONEOS_DEPLOYMENT_TARGET = 8.3;
				MTL_ENABLE_DEBUG_INFO = YES;
				ONLY_ACTIVE_ARCH = YES;
				SDKROOT = iphoneos;
				SWIFT_OPTIMIZATION_LEVEL = "-Onone";
			};
			name = Debug;
		};
		0455A9041BC7DA5C00347C39 /* Release */ = {
			isa = XCBuildConfiguration;
			buildSettings = {
				ALWAYS_SEARCH_USER_PATHS = NO;
				CLANG_CXX_LANGUAGE_STANDARD = "gnu++0x";
				CLANG_CXX_LIBRARY = "libc++";
				CLANG_ENABLE_MODULES = YES;
				CLANG_ENABLE_OBJC_ARC = YES;
				CLANG_WARN_BOOL_CONVERSION = YES;
				CLANG_WARN_CONSTANT_CONVERSION = YES;
				CLANG_WARN_DIRECT_OBJC_ISA_USAGE = YES_ERROR;
				CLANG_WARN_EMPTY_BODY = YES;
				CLANG_WARN_ENUM_CONVERSION = YES;
				CLANG_WARN_INT_CONVERSION = YES;
				CLANG_WARN_OBJC_ROOT_CLASS = YES_ERROR;
				CLANG_WARN_UNREACHABLE_CODE = YES;
				CLANG_WARN__DUPLICATE_METHOD_MATCH = YES;
				CODE_SIGN_IDENTITY = "iPhone Developer: yao pei (EQF5P8YG2F)";
				"CODE_SIGN_IDENTITY[sdk=iphoneos*]" = "iPhone Developer: yao pei (EQF5P8YG2F)";
				COPY_PHASE_STRIP = NO;
				DEBUG_INFORMATION_FORMAT = "dwarf-with-dsym";
				ENABLE_NS_ASSERTIONS = NO;
				ENABLE_STRICT_OBJC_MSGSEND = NO;
				GCC_C_LANGUAGE_STANDARD = gnu99;
				GCC_NO_COMMON_BLOCKS = YES;
				GCC_WARN_64_TO_32_BIT_CONVERSION = YES;
				GCC_WARN_ABOUT_RETURN_TYPE = YES_ERROR;
				GCC_WARN_UNDECLARED_SELECTOR = YES;
				GCC_WARN_UNINITIALIZED_AUTOS = YES_AGGRESSIVE;
				GCC_WARN_UNUSED_FUNCTION = YES;
				GCC_WARN_UNUSED_VARIABLE = YES;
				IPHONEOS_DEPLOYMENT_TARGET = 8.3;
				MTL_ENABLE_DEBUG_INFO = NO;
				SDKROOT = iphoneos;
				VALIDATE_PRODUCT = YES;
			};
			name = Release;
		};
		0455A9061BC7DA5C00347C39 /* Debug */ = {
			isa = XCBuildConfiguration;
			buildSettings = {
				ASSETCATALOG_COMPILER_APPICON_NAME = AppIcon;
				ASSETCATALOG_COMPILER_LAUNCHIMAGE_NAME = LaunchImage;
				CLANG_ENABLE_MODULES = YES;
				CODE_SIGN_IDENTITY = "iPhone Developer: yao pei (EQF5P8YG2F)";
				INFOPLIST_FILE = ShopApp/Info.plist;
				LD_RUNPATH_SEARCH_PATHS = "$(inherited) @executable_path/Frameworks";
				PRODUCT_NAME = "$(TARGET_NAME)";
				SWIFT_OBJC_BRIDGING_HEADER = "/Users/z/Desktop/shopApp/ShopApp/ShopApp/Class(类)/Other(其他)/ShopApp-Bridging-Header.h";
				SWIFT_OPTIMIZATION_LEVEL = "-Onone";
			};
			name = Debug;
		};
		0455A9071BC7DA5C00347C39 /* Release */ = {
			isa = XCBuildConfiguration;
			buildSettings = {
				ASSETCATALOG_COMPILER_APPICON_NAME = AppIcon;
				ASSETCATALOG_COMPILER_LAUNCHIMAGE_NAME = LaunchImage;
				CLANG_ENABLE_MODULES = YES;
				CODE_SIGN_IDENTITY = "iPhone Developer: yao pei (EQF5P8YG2F)";
				INFOPLIST_FILE = ShopApp/Info.plist;
				LD_RUNPATH_SEARCH_PATHS = "$(inherited) @executable_path/Frameworks";
				PRODUCT_NAME = "$(TARGET_NAME)";
				SWIFT_OBJC_BRIDGING_HEADER = "/Users/z/Desktop/shopApp/ShopApp/ShopApp/Class(类)/Other(其他)/ShopApp-Bridging-Header.h";
			};
			name = Release;
		};
		0455A9091BC7DA5C00347C39 /* Debug */ = {
			isa = XCBuildConfiguration;
			buildSettings = {
				BUNDLE_LOADER = "$(TEST_HOST)";
				FRAMEWORK_SEARCH_PATHS = (
					"$(SDKROOT)/Developer/Library/Frameworks",
					"$(inherited)",
				);
				GCC_PREPROCESSOR_DEFINITIONS = (
					"DEBUG=1",
					"$(inherited)",
				);
				INFOPLIST_FILE = ShopAppTests/Info.plist;
				LD_RUNPATH_SEARCH_PATHS = "$(inherited) @executable_path/Frameworks @loader_path/Frameworks";
				PRODUCT_NAME = "$(TARGET_NAME)";
				TEST_HOST = "$(BUILT_PRODUCTS_DIR)/ShopApp.app/ShopApp";
			};
			name = Debug;
		};
		0455A90A1BC7DA5C00347C39 /* Release */ = {
			isa = XCBuildConfiguration;
			buildSettings = {
				BUNDLE_LOADER = "$(TEST_HOST)";
				FRAMEWORK_SEARCH_PATHS = (
					"$(SDKROOT)/Developer/Library/Frameworks",
					"$(inherited)",
				);
				INFOPLIST_FILE = ShopAppTests/Info.plist;
				LD_RUNPATH_SEARCH_PATHS = "$(inherited) @executable_path/Frameworks @loader_path/Frameworks";
				PRODUCT_NAME = "$(TARGET_NAME)";
				TEST_HOST = "$(BUILT_PRODUCTS_DIR)/ShopApp.app/ShopApp";
			};
			name = Release;
		};
/* End XCBuildConfiguration section */

/* Begin XCConfigurationList section */
		0455A8E11BC7DA5C00347C39 /* Build configuration list for PBXProject "ShopApp" */ = {
			isa = XCConfigurationList;
			buildConfigurations = (
				0455A9031BC7DA5C00347C39 /* Debug */,
				0455A9041BC7DA5C00347C39 /* Release */,
			);
			defaultConfigurationIsVisible = 0;
			defaultConfigurationName = Release;
		};
		0455A9051BC7DA5C00347C39 /* Build configuration list for PBXNativeTarget "ShopApp" */ = {
			isa = XCConfigurationList;
			buildConfigurations = (
				0455A9061BC7DA5C00347C39 /* Debug */,
				0455A9071BC7DA5C00347C39 /* Release */,
			);
			defaultConfigurationIsVisible = 0;
			defaultConfigurationName = Release;
		};
		0455A9081BC7DA5C00347C39 /* Build configuration list for PBXNativeTarget "ShopAppTests" */ = {
			isa = XCConfigurationList;
			buildConfigurations = (
				0455A9091BC7DA5C00347C39 /* Debug */,
				0455A90A1BC7DA5C00347C39 /* Release */,
			);
			defaultConfigurationIsVisible = 0;
			defaultConfigurationName = Release;
		};
/* End XCConfigurationList section */
	};
	rootObject = 0455A8DE1BC7DA5C00347C39 /* Project object */;
}
